
Microsoft Visual Studio Solution File, Format Version 12.00
# Visual Studio Version 17
VisualStudioVersion = 17.14.36401.2
MinimumVisualStudioVersion = 10.0.40219.1
Project("{FAE04EC0-301F-11D3-BF4B-00C04F79EFBC}") = "注释", "注释\注释.csproj", "{CED3A5A0-22C9-46DC-AB77-897E842B6B9B}"
EndProject
Project("{FAE04EC0-301F-11D3-BF4B-00C04F79EFBC}") = "输入输出", "输入输出\输入输出.csproj", "{C03BEA9C-8806-4289-91CA-B448E1958C2B}"
EndProject
Project("{FAE04EC0-301F-11D3-BF4B-00C04F79EFBC}") = "Lession2_变量", "Lession2_变量\Lession2_变量.csproj", "{8E1CFBB1-48FF-4221-9236-5EBDC014E114}"
EndProject
Project("{FAE04EC0-301F-11D3-BF4B-00C04F79EFBC}") = "Lession2_title", "Lession2_title\Lession2_title.csproj", "{0DD2F7BE-D095-4FAB-8E53-B9C2A20A4E57}"
EndProject
Project("{FAE04EC0-301F-11D3-BF4B-00C04F79EFBC}") = "Lession3_变量本质", "Lession3_变量本质\Lession3_变量本质.csproj", "{836AC2FE-F865-4228-8B15-9A5DDEC69498}"
EndProject
Project("{FAE04EC0-301F-11D3-BF4B-00C04F79EFBC}") = "Lession4_命名规则", "lession4_命名规则\Lession4_命名规则.csproj", "{0F4CA342-52B2-4E94-A81F-5D963B31AC47}"
EndProject
Project("{FAE04EC0-301F-11D3-BF4B-00C04F79EFBC}") = "Lession5_常量", "Lession5_常量\Lession5_常量.csproj", "{AFCFF4A5-043D-4567-A390-8401F787E005}"
EndProject
Project("{FAE04EC0-301F-11D3-BF4B-00C04F79EFBC}") = "Lession6_转义字符", "Lession6_转义字符\Lession6_转义字符.csproj", "{90ADED2D-84D2-43DE-BCCE-10542659B665}"
EndProject
Project("{FAE04EC0-301F-11D3-BF4B-00C04F79EFBC}") = "Lession8_类型转换(隐式转换)", "Lession8_类型转换\Lession8_类型转换(隐式转换).csproj", "{85C1D859-AF72-4C39-A9D7-4A53124F2665}"
EndProject
Project("{FAE04EC0-301F-11D3-BF4B-00C04F79EFBC}") = "Lession9_类型转换(显式转换)", "Lession9_类型转换(显式转换)\Lession9_类型转换(显式转换).csproj", "{D32AA8B3-A307-4961-853E-55786E26D597}"
EndProject
Project("{FAE04EC0-301F-11D3-BF4B-00C04F79EFBC}") = "Lession10_异常捕获", "Lession10_异常捕获\Lession10_异常捕获.csproj", "{69D19A48-1EAA-42E3-8F14-DB611D5699D3}"
EndProject
Project("{FAE04EC0-301F-11D3-BF4B-00C04F79EFBC}") = "Lession11_算数运算符", "Lession11_算数运算符\Lession11_算数运算符.csproj", "{A4866C25-E2E0-498F-9987-FC21B2A0BA2C}"
EndProject
Project("{FAE04EC0-301F-11D3-BF4B-00C04F79EFBC}") = "Lession12_字符串拼接", "Lession12_字符串拼接\Lession12_字符串拼接.csproj", "{13BC1860-8163-4823-B3D1-2D0CD1E35A90}"
EndProject
Project("{FAE04EC0-301F-11D3-BF4B-00C04F79EFBC}") = "Lession13_条件运算符", "Lession13_条件运算符\Lession13_条件运算符.csproj", "{13034C53-0473-4407-A2F5-E4BA66AF2246}"
EndProject
Project("{FAE04EC0-301F-11D3-BF4B-00C04F79EFBC}") = "Lession14_逻辑运算符", "Lession14_逻辑运算符\Lession14_逻辑运算符.csproj", "{BC7CB122-0A79-4196-BA44-D6DC49164CC5}"
EndProject
Project("{FAE04EC0-301F-11D3-BF4B-00C04F79EFBC}") = "Lession16_三目运算符", "Lession16_三目运算符\Lession16_三目运算符.csproj", "{446B0B1F-D4FE-42F0-82CB-6C1B2F119E14}"
EndProject
Project("{FAE04EC0-301F-11D3-BF4B-00C04F79EFBC}") = "Lession17_if语句", "Lession17_if语句\Lession17_if语句.csproj", "{592B2107-DED5-42E2-A498-85F1354189E5}"
EndProject
Project("{FAE04EC0-301F-11D3-BF4B-00C04F79EFBC}") = "Lession18_switch语句", "Lession18_switch语句\Lession18_switch语句.csproj", "{7242B2C0-E529-45CD-B3A8-6F714858D7D3}"
EndProject
Project("{FAE04EC0-301F-11D3-BF4B-00C04F79EFBC}") = "Lession19_while语句", "Lession19_while语句\Lession19_while语句.csproj", "{2BA35DD6-3567-4BEF-A129-18BA85221BE6}"
EndProject
Project("{FAE04EC0-301F-11D3-BF4B-00C04F79EFBC}") = "Lession20_do while循环语句", "Lession20_do while循环语句\Lession20_do while循环语句.csproj", "{0ABB6893-56A2-4989-BEB9-255C79A0FD70}"
EndProject
Project("{FAE04EC0-301F-11D3-BF4B-00C04F79EFBC}") = "Lession21_for循环语句", "Lession21_for循环语句\Lession21_for循环语句.csproj", "{552DE1CF-3D75-4441-AEB9-A4C62B468830}"
EndProject
Project("{FAE04EC0-301F-11D3-BF4B-00C04F79EFBC}") = "Lession21_控制台相关代码", "Lession21_控制台相关代码\Lession21_控制台相关代码.csproj", "{3BF08C30-6FD5-4C31-B481-FA790B947B36}"
EndProject
Project("{FAE04EC0-301F-11D3-BF4B-00C04F79EFBC}") = "Lession22_随机数", "Lession22_随机数\Lession22_随机数.csproj", "{D2D47E3A-24B9-40DF-A858-002D4FA28DE2}"
EndProject
Project("{FAE04EC0-301F-11D3-BF4B-00C04F79EFBC}") = "Lession15_位运算符", "Lession15_位运算符\Lession15_位运算符.csproj", "{C897A525-65F1-74FE-B84A-589587245098}"
EndProject
Project("{FAE04EC0-301F-11D3-BF4B-00C04F79EFBC}") = "Execise1_通过W A S D控制一个黄色方块移动", "Execise1_通过W A S D控制一个黄色方块移动\Execise1_通过W A S D控制一个黄色方块移动.csproj", "{C08855F0-271C-0248-F5D2-BB90962C9EC0}"
EndProject
Project("{FAE04EC0-301F-11D3-BF4B-00C04F79EFBC}") = "Execise2_唐老狮打小怪兽", "Execise2_唐老狮打小怪兽\Execise2_唐老狮打小怪兽.csproj", "{FF370F49-6A23-412E-812B-6ED93038EAF0}"
EndProject
Project("{FAE04EC0-301F-11D3-BF4B-00C04F79EFBC}") = "Execise3_营救公主", "Execise3_营救公主\Execise3_营救公主.csproj", "{98151B10-3F9A-48FE-AE0D-83D54C4CDDA1}"
EndProject
Project("{FAE04EC0-301F-11D3-BF4B-00C04F79EFBC}") = "LessionTwo1_枚举", "LessionTwo1_枚举\LessionTwo1_枚举.csproj", "{B0A0A6B0-EA61-470C-8360-FCDC0CF45A80}"
EndProject
Project("{FAE04EC0-301F-11D3-BF4B-00C04F79EFBC}") = "LessionTwo2_一维数组", "LessionTwo2_一维数组\LessionTwo2_一维数组.csproj", "{99F2840E-C034-4F8E-B152-94448510690B}"
EndProject
Project("{FAE04EC0-301F-11D3-BF4B-00C04F79EFBC}") = "LessionTwo3_二维数组", "LessionTwo3_二维数组\LessionTwo3_二维数组.csproj", "{70A255DA-7DA1-49F1-8DE8-362A2FDAC8B5}"
EndProject
Project("{FAE04EC0-301F-11D3-BF4B-00C04F79EFBC}") = "LessionTwo4_交错数组", "LessionTwo4_交错数组\LessionTwo4_交错数组.csproj", "{96CBA2D4-A1B9-4C2B-8018-4AC06AC844C2}"
EndProject
Project("{FAE04EC0-301F-11D3-BF4B-00C04F79EFBC}") = "LessionTwo5_值和引用类型", "LessionTwo5_值和引用类型\LessionTwo5_值和引用类型.csproj", "{BC05CED5-3F07-4DE1-BF5E-668B8EEB6254}"
EndProject
Project("{FAE04EC0-301F-11D3-BF4B-00C04F79EFBC}") = "LessionTwo6_特殊的引用类型", "LessionTwo6_特殊的引用类型\LessionTwo6_特殊的引用类型.csproj", "{0292E1A8-2C50-40E6-8596-E5150C80673D}"
EndProject
Project("{FAE04EC0-301F-11D3-BF4B-00C04F79EFBC}") = "LessionTwo7_函数基础", "LessionTwo7_函数基础\LessionTwo7_函数基础.csproj", "{0B95E4C8-D576-4A43-AA27-F2250789CD16}"
EndProject
Project("{FAE04EC0-301F-11D3-BF4B-00C04F79EFBC}") = "LessionTwo8_ref和out", "LessionTwo8_ref和out\LessionTwo8_ref和out.csproj", "{AEA0D012-ACBA-4E4C-834F-C12B0B197F0A}"
EndProject
Project("{FAE04EC0-301F-11D3-BF4B-00C04F79EFBC}") = "LessionTwo9_变长参数和参数默认值", "LessionTwo9_变长参数和参数默认值\LessionTwo9_变长参数和参数默认值.csproj", "{186BF7CD-A60C-4228-8CC4-D9826AAE9D91}"
EndProject
Global
	GlobalSection(SolutionConfigurationPlatforms) = preSolution
		Debug|Any CPU = Debug|Any CPU
		Release|Any CPU = Release|Any CPU
	EndGlobalSection
	GlobalSection(ProjectConfigurationPlatforms) = postSolution
		{CED3A5A0-22C9-46DC-AB77-897E842B6B9B}.Debug|Any CPU.ActiveCfg = Debug|Any CPU
		{CED3A5A0-22C9-46DC-AB77-897E842B6B9B}.Debug|Any CPU.Build.0 = Debug|Any CPU
		{CED3A5A0-22C9-46DC-AB77-897E842B6B9B}.Release|Any CPU.ActiveCfg = Release|Any CPU
		{CED3A5A0-22C9-46DC-AB77-897E842B6B9B}.Release|Any CPU.Build.0 = Release|Any CPU
		{C03BEA9C-8806-4289-91CA-B448E1958C2B}.Debug|Any CPU.ActiveCfg = Debug|Any CPU
		{C03BEA9C-8806-4289-91CA-B448E1958C2B}.Debug|Any CPU.Build.0 = Debug|Any CPU
		{C03BEA9C-8806-4289-91CA-B448E1958C2B}.Release|Any CPU.ActiveCfg = Release|Any CPU
		{C03BEA9C-8806-4289-91CA-B448E1958C2B}.Release|Any CPU.Build.0 = Release|Any CPU
		{8E1CFBB1-48FF-4221-9236-5EBDC014E114}.Debug|Any CPU.ActiveCfg = Debug|Any CPU
		{8E1CFBB1-48FF-4221-9236-5EBDC014E114}.Debug|Any CPU.Build.0 = Debug|Any CPU
		{8E1CFBB1-48FF-4221-9236-5EBDC014E114}.Release|Any CPU.ActiveCfg = Release|Any CPU
		{8E1CFBB1-48FF-4221-9236-5EBDC014E114}.Release|Any CPU.Build.0 = Release|Any CPU
		{0DD2F7BE-D095-4FAB-8E53-B9C2A20A4E57}.Debug|Any CPU.ActiveCfg = Debug|Any CPU
		{0DD2F7BE-D095-4FAB-8E53-B9C2A20A4E57}.Debug|Any CPU.Build.0 = Debug|Any CPU
		{0DD2F7BE-D095-4FAB-8E53-B9C2A20A4E57}.Release|Any CPU.ActiveCfg = Release|Any CPU
		{0DD2F7BE-D095-4FAB-8E53-B9C2A20A4E57}.Release|Any CPU.Build.0 = Release|Any CPU
		{836AC2FE-F865-4228-8B15-9A5DDEC69498}.Debug|Any CPU.ActiveCfg = Debug|Any CPU
		{836AC2FE-F865-4228-8B15-9A5DDEC69498}.Debug|Any CPU.Build.0 = Debug|Any CPU
		{836AC2FE-F865-4228-8B15-9A5DDEC69498}.Release|Any CPU.ActiveCfg = Release|Any CPU
		{836AC2FE-F865-4228-8B15-9A5DDEC69498}.Release|Any CPU.Build.0 = Release|Any CPU
		{0F4CA342-52B2-4E94-A81F-5D963B31AC47}.Debug|Any CPU.ActiveCfg = Debug|Any CPU
		{0F4CA342-52B2-4E94-A81F-5D963B31AC47}.Debug|Any CPU.Build.0 = Debug|Any CPU
		{0F4CA342-52B2-4E94-A81F-5D963B31AC47}.Release|Any CPU.ActiveCfg = Release|Any CPU
		{0F4CA342-52B2-4E94-A81F-5D963B31AC47}.Release|Any CPU.Build.0 = Release|Any CPU
		{AFCFF4A5-043D-4567-A390-8401F787E005}.Debug|Any CPU.ActiveCfg = Debug|Any CPU
		{AFCFF4A5-043D-4567-A390-8401F787E005}.Debug|Any CPU.Build.0 = Debug|Any CPU
		{AFCFF4A5-043D-4567-A390-8401F787E005}.Release|Any CPU.ActiveCfg = Release|Any CPU
		{AFCFF4A5-043D-4567-A390-8401F787E005}.Release|Any CPU.Build.0 = Release|Any CPU
		{90ADED2D-84D2-43DE-BCCE-10542659B665}.Debug|Any CPU.ActiveCfg = Debug|Any CPU
		{90ADED2D-84D2-43DE-BCCE-10542659B665}.Debug|Any CPU.Build.0 = Debug|Any CPU
		{90ADED2D-84D2-43DE-BCCE-10542659B665}.Release|Any CPU.ActiveCfg = Release|Any CPU
		{90ADED2D-84D2-43DE-BCCE-10542659B665}.Release|Any CPU.Build.0 = Release|Any CPU
		{85C1D859-AF72-4C39-A9D7-4A53124F2665}.Debug|Any CPU.ActiveCfg = Debug|Any CPU
		{85C1D859-AF72-4C39-A9D7-4A53124F2665}.Debug|Any CPU.Build.0 = Debug|Any CPU
		{85C1D859-AF72-4C39-A9D7-4A53124F2665}.Release|Any CPU.ActiveCfg = Release|Any CPU
		{85C1D859-AF72-4C39-A9D7-4A53124F2665}.Release|Any CPU.Build.0 = Release|Any CPU
		{D32AA8B3-A307-4961-853E-55786E26D597}.Debug|Any CPU.ActiveCfg = Debug|Any CPU
		{D32AA8B3-A307-4961-853E-55786E26D597}.Debug|Any CPU.Build.0 = Debug|Any CPU
		{D32AA8B3-A307-4961-853E-55786E26D597}.Release|Any CPU.ActiveCfg = Release|Any CPU
		{D32AA8B3-A307-4961-853E-55786E26D597}.Release|Any CPU.Build.0 = Release|Any CPU
		{69D19A48-1EAA-42E3-8F14-DB611D5699D3}.Debug|Any CPU.ActiveCfg = Debug|Any CPU
		{69D19A48-1EAA-42E3-8F14-DB611D5699D3}.Debug|Any CPU.Build.0 = Debug|Any CPU
		{69D19A48-1EAA-42E3-8F14-DB611D5699D3}.Release|Any CPU.ActiveCfg = Release|Any CPU
		{69D19A48-1EAA-42E3-8F14-DB611D5699D3}.Release|Any CPU.Build.0 = Release|Any CPU
		{A4866C25-E2E0-498F-9987-FC21B2A0BA2C}.Debug|Any CPU.ActiveCfg = Debug|Any CPU
		{A4866C25-E2E0-498F-9987-FC21B2A0BA2C}.Debug|Any CPU.Build.0 = Debug|Any CPU
		{A4866C25-E2E0-498F-9987-FC21B2A0BA2C}.Release|Any CPU.ActiveCfg = Release|Any CPU
		{A4866C25-E2E0-498F-9987-FC21B2A0BA2C}.Release|Any CPU.Build.0 = Release|Any CPU
		{13BC1860-8163-4823-B3D1-2D0CD1E35A90}.Debug|Any CPU.ActiveCfg = Debug|Any CPU
		{13BC1860-8163-4823-B3D1-2D0CD1E35A90}.Debug|Any CPU.Build.0 = Debug|Any CPU
		{13BC1860-8163-4823-B3D1-2D0CD1E35A90}.Release|Any CPU.ActiveCfg = Release|Any CPU
		{13BC1860-8163-4823-B3D1-2D0CD1E35A90}.Release|Any CPU.Build.0 = Release|Any CPU
		{13034C53-0473-4407-A2F5-E4BA66AF2246}.Debug|Any CPU.ActiveCfg = Debug|Any CPU
		{13034C53-0473-4407-A2F5-E4BA66AF2246}.Debug|Any CPU.Build.0 = Debug|Any CPU
		{13034C53-0473-4407-A2F5-E4BA66AF2246}.Release|Any CPU.ActiveCfg = Release|Any CPU
		{13034C53-0473-4407-A2F5-E4BA66AF2246}.Release|Any CPU.Build.0 = Release|Any CPU
		{BC7CB122-0A79-4196-BA44-D6DC49164CC5}.Debug|Any CPU.ActiveCfg = Debug|Any CPU
		{BC7CB122-0A79-4196-BA44-D6DC49164CC5}.Debug|Any CPU.Build.0 = Debug|Any CPU
		{BC7CB122-0A79-4196-BA44-D6DC49164CC5}.Release|Any CPU.ActiveCfg = Release|Any CPU
		{BC7CB122-0A79-4196-BA44-D6DC49164CC5}.Release|Any CPU.Build.0 = Release|Any CPU
		{446B0B1F-D4FE-42F0-82CB-6C1B2F119E14}.Debug|Any CPU.ActiveCfg = Debug|Any CPU
		{446B0B1F-D4FE-42F0-82CB-6C1B2F119E14}.Debug|Any CPU.Build.0 = Debug|Any CPU
		{446B0B1F-D4FE-42F0-82CB-6C1B2F119E14}.Release|Any CPU.ActiveCfg = Release|Any CPU
		{446B0B1F-D4FE-42F0-82CB-6C1B2F119E14}.Release|Any CPU.Build.0 = Release|Any CPU
		{592B2107-DED5-42E2-A498-85F1354189E5}.Debug|Any CPU.ActiveCfg = Debug|Any CPU
		{592B2107-DED5-42E2-A498-85F1354189E5}.Debug|Any CPU.Build.0 = Debug|Any CPU
		{592B2107-DED5-42E2-A498-85F1354189E5}.Release|Any CPU.ActiveCfg = Release|Any CPU
		{592B2107-DED5-42E2-A498-85F1354189E5}.Release|Any CPU.Build.0 = Release|Any CPU
		{7242B2C0-E529-45CD-B3A8-6F714858D7D3}.Debug|Any CPU.ActiveCfg = Debug|Any CPU
		{7242B2C0-E529-45CD-B3A8-6F714858D7D3}.Debug|Any CPU.Build.0 = Debug|Any CPU
		{7242B2C0-E529-45CD-B3A8-6F714858D7D3}.Release|Any CPU.ActiveCfg = Release|Any CPU
		{7242B2C0-E529-45CD-B3A8-6F714858D7D3}.Release|Any CPU.Build.0 = Release|Any CPU
		{2BA35DD6-3567-4BEF-A129-18BA85221BE6}.Debug|Any CPU.ActiveCfg = Debug|Any CPU
		{2BA35DD6-3567-4BEF-A129-18BA85221BE6}.Debug|Any CPU.Build.0 = Debug|Any CPU
		{2BA35DD6-3567-4BEF-A129-18BA85221BE6}.Release|Any CPU.ActiveCfg = Release|Any CPU
		{2BA35DD6-3567-4BEF-A129-18BA85221BE6}.Release|Any CPU.Build.0 = Release|Any CPU
		{0ABB6893-56A2-4989-BEB9-255C79A0FD70}.Debug|Any CPU.ActiveCfg = Debug|Any CPU
		{0ABB6893-56A2-4989-BEB9-255C79A0FD70}.Debug|Any CPU.Build.0 = Debug|Any CPU
		{0ABB6893-56A2-4989-BEB9-255C79A0FD70}.Release|Any CPU.ActiveCfg = Release|Any CPU
		{0ABB6893-56A2-4989-BEB9-255C79A0FD70}.Release|Any CPU.Build.0 = Release|Any CPU
		{552DE1CF-3D75-4441-AEB9-A4C62B468830}.Debug|Any CPU.ActiveCfg = Debug|Any CPU
		{552DE1CF-3D75-4441-AEB9-A4C62B468830}.Debug|Any CPU.Build.0 = Debug|Any CPU
		{552DE1CF-3D75-4441-AEB9-A4C62B468830}.Release|Any CPU.ActiveCfg = Release|Any CPU
		{552DE1CF-3D75-4441-AEB9-A4C62B468830}.Release|Any CPU.Build.0 = Release|Any CPU
		{3BF08C30-6FD5-4C31-B481-FA790B947B36}.Debug|Any CPU.ActiveCfg = Debug|Any CPU
		{3BF08C30-6FD5-4C31-B481-FA790B947B36}.Debug|Any CPU.Build.0 = Debug|Any CPU
		{3BF08C30-6FD5-4C31-B481-FA790B947B36}.Release|Any CPU.ActiveCfg = Release|Any CPU
		{3BF08C30-6FD5-4C31-B481-FA790B947B36}.Release|Any CPU.Build.0 = Release|Any CPU
		{D2D47E3A-24B9-40DF-A858-002D4FA28DE2}.Debug|Any CPU.ActiveCfg = Debug|Any CPU
		{D2D47E3A-24B9-40DF-A858-002D4FA28DE2}.Debug|Any CPU.Build.0 = Debug|Any CPU
		{D2D47E3A-24B9-40DF-A858-002D4FA28DE2}.Release|Any CPU.ActiveCfg = Release|Any CPU
		{D2D47E3A-24B9-40DF-A858-002D4FA28DE2}.Release|Any CPU.Build.0 = Release|Any CPU
		{C897A525-65F1-74FE-B84A-589587245098}.Debug|Any CPU.ActiveCfg = Debug|Any CPU
		{C897A525-65F1-74FE-B84A-589587245098}.Debug|Any CPU.Build.0 = Debug|Any CPU
		{C897A525-65F1-74FE-B84A-589587245098}.Release|Any CPU.ActiveCfg = Release|Any CPU
		{C897A525-65F1-74FE-B84A-589587245098}.Release|Any CPU.Build.0 = Release|Any CPU
		{C08855F0-271C-0248-F5D2-BB90962C9EC0}.Debug|Any CPU.ActiveCfg = Debug|Any CPU
		{C08855F0-271C-0248-F5D2-BB90962C9EC0}.Debug|Any CPU.Build.0 = Debug|Any CPU
		{C08855F0-271C-0248-F5D2-BB90962C9EC0}.Release|Any CPU.ActiveCfg = Release|Any CPU
		{C08855F0-271C-0248-F5D2-BB90962C9EC0}.Release|Any CPU.Build.0 = Release|Any CPU
		{FF370F49-6A23-412E-812B-6ED93038EAF0}.Debug|Any CPU.ActiveCfg = Debug|Any CPU
		{FF370F49-6A23-412E-812B-6ED93038EAF0}.Debug|Any CPU.Build.0 = Debug|Any CPU
		{FF370F49-6A23-412E-812B-6ED93038EAF0}.Release|Any CPU.ActiveCfg = Release|Any CPU
		{FF370F49-6A23-412E-812B-6ED93038EAF0}.Release|Any CPU.Build.0 = Release|Any CPU
		{98151B10-3F9A-48FE-AE0D-83D54C4CDDA1}.Debug|Any CPU.ActiveCfg = Debug|Any CPU
		{98151B10-3F9A-48FE-AE0D-83D54C4CDDA1}.Debug|Any CPU.Build.0 = Debug|Any CPU
		{98151B10-3F9A-48FE-AE0D-83D54C4CDDA1}.Release|Any CPU.ActiveCfg = Release|Any CPU
		{98151B10-3F9A-48FE-AE0D-83D54C4CDDA1}.Release|Any CPU.Build.0 = Release|Any CPU
		{B0A0A6B0-EA61-470C-8360-FCDC0CF45A80}.Debug|Any CPU.ActiveCfg = Debug|Any CPU
		{B0A0A6B0-EA61-470C-8360-FCDC0CF45A80}.Debug|Any CPU.Build.0 = Debug|Any CPU
		{B0A0A6B0-EA61-470C-8360-FCDC0CF45A80}.Release|Any CPU.ActiveCfg = Release|Any CPU
		{B0A0A6B0-EA61-470C-8360-FCDC0CF45A80}.Release|Any CPU.Build.0 = Release|Any CPU
		{99F2840E-C034-4F8E-B152-94448510690B}.Debug|Any CPU.ActiveCfg = Debug|Any CPU
		{99F2840E-C034-4F8E-B152-94448510690B}.Debug|Any CPU.Build.0 = Debug|Any CPU
		{99F2840E-C034-4F8E-B152-94448510690B}.Release|Any CPU.ActiveCfg = Release|Any CPU
		{99F2840E-C034-4F8E-B152-94448510690B}.Release|Any CPU.Build.0 = Release|Any CPU
		{70A255DA-7DA1-49F1-8DE8-362A2FDAC8B5}.Debug|Any CPU.ActiveCfg = Debug|Any CPU
		{70A255DA-7DA1-49F1-8DE8-362A2FDAC8B5}.Debug|Any CPU.Build.0 = Debug|Any CPU
		{70A255DA-7DA1-49F1-8DE8-362A2FDAC8B5}.Release|Any CPU.ActiveCfg = Release|Any CPU
		{70A255DA-7DA1-49F1-8DE8-362A2FDAC8B5}.Release|Any CPU.Build.0 = Release|Any CPU
		{96CBA2D4-A1B9-4C2B-8018-4AC06AC844C2}.Debug|Any CPU.ActiveCfg = Debug|Any CPU
		{96CBA2D4-A1B9-4C2B-8018-4AC06AC844C2}.Debug|Any CPU.Build.0 = Debug|Any CPU
		{96CBA2D4-A1B9-4C2B-8018-4AC06AC844C2}.Release|Any CPU.ActiveCfg = Release|Any CPU
		{96CBA2D4-A1B9-4C2B-8018-4AC06AC844C2}.Release|Any CPU.Build.0 = Release|Any CPU
		{BC05CED5-3F07-4DE1-BF5E-668B8EEB6254}.Debug|Any CPU.ActiveCfg = Debug|Any CPU
		{BC05CED5-3F07-4DE1-BF5E-668B8EEB6254}.Debug|Any CPU.Build.0 = Debug|Any CPU
		{BC05CED5-3F07-4DE1-BF5E-668B8EEB6254}.Release|Any CPU.ActiveCfg = Release|Any CPU
		{BC05CED5-3F07-4DE1-BF5E-668B8EEB6254}.Release|Any CPU.Build.0 = Release|Any CPU
		{0292E1A8-2C50-40E6-8596-E5150C80673D}.Debug|Any CPU.ActiveCfg = Debug|Any CPU
		{0292E1A8-2C50-40E6-8596-E5150C80673D}.Debug|Any CPU.Build.0 = Debug|Any CPU
		{0292E1A8-2C50-40E6-8596-E5150C80673D}.Release|Any CPU.ActiveCfg = Release|Any CPU
		{0292E1A8-2C50-40E6-8596-E5150C80673D}.Release|Any CPU.Build.0 = Release|Any CPU
		{0B95E4C8-D576-4A43-AA27-F2250789CD16}.Debug|Any CPU.ActiveCfg = Debug|Any CPU
		{0B95E4C8-D576-4A43-AA27-F2250789CD16}.Debug|Any CPU.Build.0 = Debug|Any CPU
		{0B95E4C8-D576-4A43-AA27-F2250789CD16}.Release|Any CPU.ActiveCfg = Release|Any CPU
		{0B95E4C8-D576-4A43-AA27-F2250789CD16}.Release|Any CPU.Build.0 = Release|Any CPU
		{AEA0D012-ACBA-4E4C-834F-C12B0B197F0A}.Debug|Any CPU.ActiveCfg = Debug|Any CPU
		{AEA0D012-ACBA-4E4C-834F-C12B0B197F0A}.Debug|Any CPU.Build.0 = Debug|Any CPU
		{AEA0D012-ACBA-4E4C-834F-C12B0B197F0A}.Release|Any CPU.ActiveCfg = Release|Any CPU
		{AEA0D012-ACBA-4E4C-834F-C12B0B197F0A}.Release|Any CPU.Build.0 = Release|Any CPU
		{186BF7CD-A60C-4228-8CC4-D9826AAE9D91}.Debug|Any CPU.ActiveCfg = Debug|Any CPU
		{186BF7CD-A60C-4228-8CC4-D9826AAE9D91}.Debug|Any CPU.Build.0 = Debug|Any CPU
		{186BF7CD-A60C-4228-8CC4-D9826AAE9D91}.Release|Any CPU.ActiveCfg = Release|Any CPU
		{186BF7CD-A60C-4228-8CC4-D9826AAE9D91}.Release|Any CPU.Build.0 = Release|Any CPU
	EndGlobalSection
	GlobalSection(SolutionProperties) = preSolution
		HideSolutionNode = FALSE
	EndGlobalSection
	GlobalSection(ExtensibilityGlobals) = postSolution
		SolutionGuid = {D6DA9833-04CD-451B-94A7-E6A2AFB1C2B8}
	EndGlobalSection
EndGlobal
