
Microsoft Visual Studio Solution File, Format Version 12.00
# Visual Studio Version 17
VisualStudioVersion = 17.14.36401.2
MinimumVisualStudioVersion = 10.0.40219.1
Project("{FAE04EC0-301F-11D3-BF4B-00C04F79EFBC}") = "注释", "注释\注释.csproj", "{CED3A5A0-22C9-46DC-AB77-897E842B6B9B}"
EndProject
Project("{FAE04EC0-301F-11D3-BF4B-00C04F79EFBC}") = "输入输出", "输入输出\输入输出.csproj", "{C03BEA9C-8806-4289-91CA-B448E1958C2B}"
EndProject
Project("{FAE04EC0-301F-11D3-BF4B-00C04F79EFBC}") = "Lession2_变量", "Lession2_变量\Lession2_变量.csproj", "{8E1CFBB1-48FF-4221-9236-5EBDC014E114}"
EndProject
Project("{FAE04EC0-301F-11D3-BF4B-00C04F79EFBC}") = "Lession2_title", "Lession2_title\Lession2_title.csproj", "{0DD2F7BE-D095-4FAB-8E53-B9C2A20A4E57}"
EndProject
Project("{FAE04EC0-301F-11D3-BF4B-00C04F79EFBC}") = "Lession3_变量本质", "Lession3_变量本质\Lession3_变量本质.csproj", "{836AC2FE-F865-4228-8B15-9A5DDEC69498}"
EndProject
Project("{FAE04EC0-301F-11D3-BF4B-00C04F79EFBC}") = "Lession4_命名规则", "lession4_命名规则\Lession4_命名规则.csproj", "{0F4CA342-52B2-4E94-A81F-5D963B31AC47}"
EndProject
Project("{FAE04EC0-301F-11D3-BF4B-00C04F79EFBC}") = "Lession5_常量", "Lession5_常量\Lession5_常量.csproj", "{AFCFF4A5-043D-4567-A390-8401F787E005}"
EndProject
Project("{FAE04EC0-301F-11D3-BF4B-00C04F79EFBC}") = "Lession6_转义字符", "Lession6_转义字符\Lession6_转义字符.csproj", "{90ADED2D-84D2-43DE-BCCE-10542659B665}"
EndProject
Project("{FAE04EC0-301F-11D3-BF4B-00C04F79EFBC}") = "Lession8_类型转换(隐式转换)", "Lession8_类型转换\Lession8_类型转换(隐式转换).csproj", "{85C1D859-AF72-4C39-A9D7-4A53124F2665}"
EndProject
Project("{FAE04EC0-301F-11D3-BF4B-00C04F79EFBC}") = "Lession9_类型转换(显式转换)", "Lession9_类型转换(显式转换)\Lession9_类型转换(显式转换).csproj", "{D32AA8B3-A307-4961-853E-55786E26D597}"
EndProject
Project("{FAE04EC0-301F-11D3-BF4B-00C04F79EFBC}") = "Lession10_异常捕获", "Lession10_异常捕获\Lession10_异常捕获.csproj", "{69D19A48-1EAA-42E3-8F14-DB611D5699D3}"
EndProject
Project("{FAE04EC0-301F-11D3-BF4B-00C04F79EFBC}") = "Lession11_算数运算符", "Lession11_算数运算符\Lession11_算数运算符.csproj", "{A4866C25-E2E0-498F-9987-FC21B2A0BA2C}"
EndProject
Project("{FAE04EC0-301F-11D3-BF4B-00C04F79EFBC}") = "Lession12_字符串拼接", "Lession12_字符串拼接\Lession12_字符串拼接.csproj", "{13BC1860-8163-4823-B3D1-2D0CD1E35A90}"
EndProject
Project("{FAE04EC0-301F-11D3-BF4B-00C04F79EFBC}") = "Lession13_条件运算符", "Lession13_条件运算符\Lession13_条件运算符.csproj", "{13034C53-0473-4407-A2F5-E4BA66AF2246}"
EndProject
Project("{FAE04EC0-301F-11D3-BF4B-00C04F79EFBC}") = "Lession14_逻辑运算符", "Lession14_逻辑运算符\Lession14_逻辑运算符.csproj", "{BC7CB122-0A79-4196-BA44-D6DC49164CC5}"
EndProject
Project("{FAE04EC0-301F-11D3-BF4B-00C04F79EFBC}") = "Lession16_三目运算符", "Lession16_三目运算符\Lession16_三目运算符.csproj", "{446B0B1F-D4FE-42F0-82CB-6C1B2F119E14}"
EndProject
Project("{FAE04EC0-301F-11D3-BF4B-00C04F79EFBC}") = "Lession17_if语句", "Lession17_if语句\Lession17_if语句.csproj", "{592B2107-DED5-42E2-A498-85F1354189E5}"
EndProject
Project("{FAE04EC0-301F-11D3-BF4B-00C04F79EFBC}") = "Lession18_switch语句", "Lession18_switch语句\Lession18_switch语句.csproj", "{7242B2C0-E529-45CD-B3A8-6F714858D7D3}"
EndProject
Project("{FAE04EC0-301F-11D3-BF4B-00C04F79EFBC}") = "Lession19_while语句", "Lession19_while语句\Lession19_while语句.csproj", "{2BA35DD6-3567-4BEF-A129-18BA85221BE6}"
EndProject
Project("{FAE04EC0-301F-11D3-BF4B-00C04F79EFBC}") = "Lession20_do while循环语句", "Lession20_do while循环语句\Lession20_do while循环语句.csproj", "{0ABB6893-56A2-4989-BEB9-255C79A0FD70}"
EndProject
Project("{FAE04EC0-301F-11D3-BF4B-00C04F79EFBC}") = "Lession21_for循环语句", "Lession21_for循环语句\Lession21_for循环语句.csproj", "{552DE1CF-3D75-4441-AEB9-A4C62B468830}"
EndProject
Project("{FAE04EC0-301F-11D3-BF4B-00C04F79EFBC}") = "Lession21_控制台相关代码", "Lession21_控制台相关代码\Lession21_控制台相关代码.csproj", "{3BF08C30-6FD5-4C31-B481-FA790B947B36}"
EndProject
Project("{FAE04EC0-301F-11D3-BF4B-00C04F79EFBC}") = "Lession22_随机数", "Lession22_随机数\Lession22_随机数.csproj", "{D2D47E3A-24B9-40DF-A858-002D4FA28DE2}"
EndProject
Project("{FAE04EC0-301F-11D3-BF4B-00C04F79EFBC}") = "Lession15_位运算符", "Lession15_位运算符\Lession15_位运算符.csproj", "{C897A525-65F1-74FE-B84A-589587245098}"
EndProject
Project("{FAE04EC0-301F-11D3-BF4B-00C04F79EFBC}") = "Execise1_通过W A S D控制一个黄色方块移动", "Execise1_通过W A S D控制一个黄色方块移动\Execise1_通过W A S D控制一个黄色方块移动.csproj", "{C08855F0-271C-0248-F5D2-BB90962C9EC0}"
EndProject
Project("{FAE04EC0-301F-11D3-BF4B-00C04F79EFBC}") = "Execise2_唐老狮打小怪兽", "Execise2_唐老狮打小怪兽\Execise2_唐老狮打小怪兽.csproj", "{FF370F49-6A23-412E-812B-6ED93038EAF0}"
EndProject
Project("{FAE04EC0-301F-11D3-BF4B-00C04F79EFBC}") = "Execise3_营救公主", "Execise3_营救公主\Execise3_营救公主.csproj", "{98151B10-3F9A-48FE-AE0D-83D54C4CDDA1}"
EndProject
Project("{FAE04EC0-301F-11D3-BF4B-00C04F79EFBC}") = "LessionTwo1_枚举", "LessionTwo1_枚举\LessionTwo1_枚举.csproj", "{B0A0A6B0-EA61-470C-8360-FCDC0CF45A80}"
EndProject
Project("{FAE04EC0-301F-11D3-BF4B-00C04F79EFBC}") = "LessionTwo2_一维数组", "LessionTwo2_一维数组\LessionTwo2_一维数组.csproj", "{99F2840E-C034-4F8E-B152-94448510690B}"
EndProject
Project("{FAE04EC0-301F-11D3-BF4B-00C04F79EFBC}") = "LessionTwo3_二维数组", "LessionTwo3_二维数组\LessionTwo3_二维数组.csproj", "{70A255DA-7DA1-49F1-8DE8-362A2FDAC8B5}"
EndProject
Project("{FAE04EC0-301F-11D3-BF4B-00C04F79EFBC}") = "LessionTwo4_交错数组", "LessionTwo4_交错数组\LessionTwo4_交错数组.csproj", "{96CBA2D4-A1B9-4C2B-8018-4AC06AC844C2}"
EndProject
Project("{FAE04EC0-301F-11D3-BF4B-00C04F79EFBC}") = "LessionTwo5_值和引用类型", "LessionTwo5_值和引用类型\LessionTwo5_值和引用类型.csproj", "{BC05CED5-3F07-4DE1-BF5E-668B8EEB6254}"
EndProject
Project("{FAE04EC0-301F-11D3-BF4B-00C04F79EFBC}") = "LessionTwo6_特殊的引用类型", "LessionTwo6_特殊的引用类型\LessionTwo6_特殊的引用类型.csproj", "{0292E1A8-2C50-40E6-8596-E5150C80673D}"
EndProject
Project("{FAE04EC0-301F-11D3-BF4B-00C04F79EFBC}") = "LessionTwo7_函数基础", "LessionTwo7_函数基础\LessionTwo7_函数基础.csproj", "{0B95E4C8-D576-4A43-AA27-F2250789CD16}"
EndProject
Project("{FAE04EC0-301F-11D3-BF4B-00C04F79EFBC}") = "LessionTwo8_ref和out", "LessionTwo8_ref和out\LessionTwo8_ref和out.csproj", "{AEA0D012-ACBA-4E4C-834F-C12B0B197F0A}"
EndProject
Project("{FAE04EC0-301F-11D3-BF4B-00C04F79EFBC}") = "LessionTwo9_变长参数和参数默认值", "LessionTwo9_变长参数和参数默认值\LessionTwo9_变长参数和参数默认值.csproj", "{186BF7CD-A60C-4228-8CC4-D9826AAE9D91}"
EndProject
Project("{FAE04EC0-301F-11D3-BF4B-00C04F79EFBC}") = "LessionTwo10_函数重载", "LessionTwo10_函数重载\LessionTwo10_函数重载.csproj", "{2872ADE3-804D-038C-EA40-9539D281CFE8}"
EndProject
Project("{FAE04EC0-301F-11D3-BF4B-00C04F79EFBC}") = "LessionTwo11_递归函数", "LessionTwo11_递归函数\LessionTwo11_递归函数.csproj", "{CCE4A31E-42D0-491F-A37C-9DC421171107}"
EndProject
Project("{FAE04EC0-301F-11D3-BF4B-00C04F79EFBC}") = "LessionTwo12_结构体", "LessionTwo12_结构体\LessionTwo12_结构体.csproj", "{44BF93D8-9708-4798-8C00-116C25E75B5F}"
EndProject
Project("{FAE04EC0-301F-11D3-BF4B-00C04F79EFBC}") = "LessionTwo13_冒泡排序", "LessionTwo13_冒泡排序\LessionTwo13_冒泡排序.csproj", "{34CF4B80-8E7E-4262-9163-6EC132B769F9}"
EndProject
Project("{FAE04EC0-301F-11D3-BF4B-00C04F79EFBC}") = "LessionTwo14_选择排序", "LessionTwo14_选择排序\LessionTwo14_选择排序.csproj", "{61703ECC-14AA-4981-8916-5C711A0ED617}"
EndProject
Project("{FAE04EC0-301F-11D3-BF4B-00C04F79EFBC}") = "LessionThere1_类和对象", "LessionThere1_类和对象\LessionThere1_类和对象.csproj", "{00C214A1-ABEE-4368-AF23-8ED8AAC84802}"
EndProject
Project("{FAE04EC0-301F-11D3-BF4B-00C04F79EFBC}") = "LessionThere2_成员变量和访问修饰符", "LessionThere2_成员变量和访问修饰符\LessionThere2_成员变量和访问修饰符.csproj", "{ED2B2001-09C3-4CAF-B9D5-5FD62C584963}"
EndProject
Project("{FAE04EC0-301F-11D3-BF4B-00C04F79EFBC}") = "LessionThere3_成员方法（函数）", "LessionThere3_成员方法（函数）\LessionThere3_成员方法（函数）.csproj", "{F508F705-1D0C-480B-8F58-C856DB193BE8}"
EndProject
Project("{2150E333-8FDC-42A3-9474-1A3956D46DE8}") = "核心篇", "核心篇", "{02EA681E-C7D8-13C7-8484-4AC65E1B71E8}"
EndProject
Project("{2150E333-8FDC-42A3-9474-1A3956D46DE8}") = "基础篇", "基础篇", "{1FD315F0-3371-4386-A67F-04BFA2413B8B}"
EndProject
Project("{2150E333-8FDC-42A3-9474-1A3956D46DE8}") = "入门篇", "入门篇", "{DEA96CBE-E8C0-4075-BB9F-7844A19D6C15}"
EndProject
Project("{FAE04EC0-301F-11D3-BF4B-00C04F79EFBC}") = "LessionThere4_构造函数和析构函数", "LessionThere4_构造函数和析构函数\LessionThere4_构造函数和析构函数.csproj", "{7ADD54E1-70D2-4278-BC89-7AF287B979FE}"
EndProject
Project("{FAE04EC0-301F-11D3-BF4B-00C04F79EFBC}") = "LessionThere5_成员属性", "LessionThere5_成员属性\LessionThere5_成员属性.csproj", "{32C7E2E5-0035-4042-AC0C-1F117BA54F5A}"
EndProject
Project("{FAE04EC0-301F-11D3-BF4B-00C04F79EFBC}") = "LessionThere6_索引器", "LessionThere6_索引器\LessionThere6_索引器.csproj", "{C92DF9F7-29CB-4FAC-95F3-1E1E8525D718}"
EndProject
Project("{FAE04EC0-301F-11D3-BF4B-00C04F79EFBC}") = "LessionThere7_静态成员", "LessionThere7_静态成员\LessionThere7_静态成员.csproj", "{8A54ED62-293C-4CE8-93DE-56D86F597EFC}"
EndProject
Project("{FAE04EC0-301F-11D3-BF4B-00C04F79EFBC}") = "LessionThere8_静态类和静态构造函数", "LessionThere8_静态类和静态构造函数\LessionThere8_静态类和静态构造函数.csproj", "{5F9C8A06-25FA-4DF1-ADA6-7E942915F3CD}"
EndProject
Project("{FAE04EC0-301F-11D3-BF4B-00C04F79EFBC}") = "LessionThere9_拓展方法", "LessionThere9_拓展方法\LessionThere9_拓展方法.csproj", "{F512CA98-C1B8-4A65-9AC4-E17D247EDC05}"
EndProject
Project("{FAE04EC0-301F-11D3-BF4B-00C04F79EFBC}") = "LessionThere10_运算符重载", "LessionThere10_运算符重载\LessionThere10_运算符重载.csproj", "{9F17F379-29AA-4E0D-B89E-98707BCBD82E}"
EndProject
Project("{FAE04EC0-301F-11D3-BF4B-00C04F79EFBC}") = "LessionThere11_内部类和分布类", "LessionThere11_内部类和分布类\LessionThere11_内部类和分布类.csproj", "{9C18B806-3106-4FD0-8C0F-EC1D1FA5075F}"
EndProject
Project("{FAE04EC0-301F-11D3-BF4B-00C04F79EFBC}") = "LessionThere12_继承的基本规则", "LessionThere12_继承的基本规则\LessionThere12_继承的基本规则.csproj", "{C91E97AB-1458-4C90-8CA7-44E5253B55A6}"
EndProject
Project("{FAE04EC0-301F-11D3-BF4B-00C04F79EFBC}") = "LessionThere13_里氏替换原则", "LessionThere13_里氏替换原则\LessionThere13_里氏替换原则.csproj", "{1799C009-1178-4DAD-B29F-EA8644E85468}"
EndProject
Project("{FAE04EC0-301F-11D3-BF4B-00C04F79EFBC}") = "LessionThere14_继承中的构造函数", "LessionThere14_继承中的构造函数\LessionThere14_继承中的构造函数.csproj", "{506AAA61-027C-4DC7-A293-02BFBBDA0938}"
EndProject
Project("{FAE04EC0-301F-11D3-BF4B-00C04F79EFBC}") = "LessionThere15_万物之父和装修拆箱", "LessionThere15_万物之父和装修拆箱\LessionThere15_万物之父和装修拆箱.csproj", "{9934A449-B43A-445E-84E3-DFEFE3F49BDF}"
EndProject
Project("{FAE04EC0-301F-11D3-BF4B-00C04F79EFBC}") = "LessionThere16_密封类", "LessionThere16_密封类\LessionThere16_密封类.csproj", "{8471E561-E4EB-4CDE-B57B-DA6357D25DD5}"
EndProject
Project("{FAE04EC0-301F-11D3-BF4B-00C04F79EFBC}") = "LessionThere17_多态Vob", "LessionThere17_多态Vob\LessionThere17_多态Vob.csproj", "{7B8BEBE3-95D5-4C26-A166-6A157DD327B6}"
EndProject
Project("{FAE04EC0-301F-11D3-BF4B-00C04F79EFBC}") = "LessionThere18_抽象类和抽象方法", "LessionThere18_抽象类和抽象方法\LessionThere18_抽象类和抽象方法.csproj", "{C325392D-EF4B-4006-A3C4-1F78B752579A}"
EndProject
Project("{FAE04EC0-301F-11D3-BF4B-00C04F79EFBC}") = "LessionThere19_接口", "LessionThere19_接口\LessionThere19_接口.csproj", "{6AB7CA70-02AD-46D9-8C26-E4343FF0E435}"
EndProject
Project("{FAE04EC0-301F-11D3-BF4B-00C04F79EFBC}") = "LessionThere20_密封方法", "LessionThere20_密封方法\LessionThere20_密封方法.csproj", "{FC1A2595-581B-47E0-AC70-911CDEA7BE27}"
EndProject
Project("{FAE04EC0-301F-11D3-BF4B-00C04F79EFBC}") = "LessionThere21_命名空间", "LessionThere21_命名空间\LessionThere21_命名空间.csproj", "{CC3A49B3-2270-4569-AF2D-89A28E28C949}"
EndProject
Project("{FAE04EC0-301F-11D3-BF4B-00C04F79EFBC}") = "LessionThere22_万物之父中的方法", "LessionThere22_万物之父中的方法\LessionThere22_万物之父中的方法.csproj", "{B0191946-5F74-460E-9D6B-9D9488479160}"
EndProject
Project("{FAE04EC0-301F-11D3-BF4B-00C04F79EFBC}") = "LessionThere23_String", "LessionThere23_String\LessionThere23_String.csproj", "{C6FBFB6B-030D-4B7D-B765-7313F46682B6}"
EndProject
Project("{FAE04EC0-301F-11D3-BF4B-00C04F79EFBC}") = "LessionThere24_StringBulider", "LessionThere24_StringBulider\LessionThere24_StringBulider.csproj", "{B32571B0-8913-4799-9B80-C0EEB452F28F}"
EndProject
Project("{2150E333-8FDC-42A3-9474-1A3956D46DE8}") = "进阶篇", "进阶篇", "{C477601A-20F6-4AC0-B95F-60FE1C19C59F}"
EndProject
Project("{FAE04EC0-301F-11D3-BF4B-00C04F79EFBC}") = "LessionFour1_Arraylist", "LessionFour1_Arraylist\LessionFour1_Arraylist.csproj", "{F0DD460D-888F-4FA4-B527-B9483C371D72}"
EndProject
Project("{2150E333-8FDC-42A3-9474-1A3956D46DE8}") = "练习题", "练习题", "{F864F954-5CCD-46FD-A926-7AF168CF46C9}"
EndProject
Project("{FAE04EC0-301F-11D3-BF4B-00C04F79EFBC}") = "Arraylist", "Arraylist\Arraylist.csproj", "{F286B716-FDD3-4859-B430-59ED8B692F27}"
EndProject
Project("{FAE04EC0-301F-11D3-BF4B-00C04F79EFBC}") = "LessionFour2_stack", "LessionFour2_stack\LessionFour2_stack.csproj", "{C5699E84-B98F-4061-8996-EB5301EE12BB}"
EndProject
Project("{FAE04EC0-301F-11D3-BF4B-00C04F79EFBC}") = "LessionFour3_Queue", "LessionFour3_Queue\LessionFour3_Queue.csproj", "{EA109FFA-EC2F-4B20-860C-609232B567EA}"
EndProject
Project("{FAE04EC0-301F-11D3-BF4B-00C04F79EFBC}") = "LessionFour4_Hashtable", "LessionFour4_Hashtable\LessionFour4_Hashtable.csproj", "{5DDB7FB3-E911-4E01-8D2E-829EE4387E3F}"
EndProject
Project("{FAE04EC0-301F-11D3-BF4B-00C04F79EFBC}") = "LessionFour5_泛型", "LessionFour5_泛型\LessionFour5_泛型.csproj", "{9FF679A1-9CB0-49E9-AEEE-8E9FF93A53B7}"
EndProject
Project("{FAE04EC0-301F-11D3-BF4B-00C04F79EFBC}") = "LessionFour7_List", "LessionFour7_List\LessionFour7_List.csproj", "{EC6E75CE-4D0A-4177-8D04-034D6C5786EC}"
EndProject
Project("{FAE04EC0-301F-11D3-BF4B-00C04F79EFBC}") = "LessionFour8_Dictionary", "LessionFour8_Dictionary\LessionFour8_Dictionary.csproj", "{BA4BCCFF-4408-4EF9-B00E-C84AD81628F8}"
EndProject
Project("{FAE04EC0-301F-11D3-BF4B-00C04F79EFBC}") = "LessionFour6_泛型约束", "LessionFour6_泛型约束\LessionFour6_泛型约束.csproj", "{2F917568-B429-F241-8358-9CC3F8EC2E30}"
EndProject
Project("{FAE04EC0-301F-11D3-BF4B-00C04F79EFBC}") = "LessionFour9_顺序存储和链式存储", "LessionFour9_顺序存储和链式存储\LessionFour9_顺序存储和链式存储.csproj", "{679AF1C8-AFF7-46A1-87A8-9F5EC6660BE4}"
EndProject
Project("{FAE04EC0-301F-11D3-BF4B-00C04F79EFBC}") = "LessionFour10_LinkedList", "LessionFour10_LinkedList\LessionFour10_LinkedList.csproj", "{61216790-B569-42BB-9202-F5A30DA474B7}"
EndProject
Project("{FAE04EC0-301F-11D3-BF4B-00C04F79EFBC}") = "LessionFour11_泛型栈和队列", "LessionFour11_泛型栈和队列\LessionFour11_泛型栈和队列.csproj", "{5C5C5E25-91A3-4064-A9EE-5614707AB8FA}"
EndProject
Project("{FAE04EC0-301F-11D3-BF4B-00C04F79EFBC}") = "LessionFour12_委托", "LessionFour12_委托\LessionFour12_委托.csproj", "{D5997E19-BDBD-449D-8783-03D3806F3A0E}"
EndProject
Project("{FAE04EC0-301F-11D3-BF4B-00C04F79EFBC}") = "LessionFour13_事件", "LessionFour13_事件\LessionFour13_事件.csproj", "{3288344C-4BDC-4792-BFCB-6C9FBE2FD503}"
EndProject
Project("{FAE04EC0-301F-11D3-BF4B-00C04F79EFBC}") = "LessionFour14_匿名函数", "LessionFour14_匿名函数\LessionFour14_匿名函数.csproj", "{E3CB3EC8-CA88-4CCE-AD26-41A17BF0AC5D}"
EndProject
Project("{FAE04EC0-301F-11D3-BF4B-00C04F79EFBC}") = "LessionFour15_lambad", "LessionFour15_lambad\LessionFour15_lambad.csproj", "{24A604A4-6A5F-44C8-B884-116D6F9705E2}"
EndProject
Global
	GlobalSection(SolutionConfigurationPlatforms) = preSolution
		Debug|Any CPU = Debug|Any CPU
		Release|Any CPU = Release|Any CPU
	EndGlobalSection
	GlobalSection(ProjectConfigurationPlatforms) = postSolution
		{CED3A5A0-22C9-46DC-AB77-897E842B6B9B}.Debug|Any CPU.ActiveCfg = Debug|Any CPU
		{CED3A5A0-22C9-46DC-AB77-897E842B6B9B}.Debug|Any CPU.Build.0 = Debug|Any CPU
		{CED3A5A0-22C9-46DC-AB77-897E842B6B9B}.Release|Any CPU.ActiveCfg = Release|Any CPU
		{CED3A5A0-22C9-46DC-AB77-897E842B6B9B}.Release|Any CPU.Build.0 = Release|Any CPU
		{C03BEA9C-8806-4289-91CA-B448E1958C2B}.Debug|Any CPU.ActiveCfg = Debug|Any CPU
		{C03BEA9C-8806-4289-91CA-B448E1958C2B}.Debug|Any CPU.Build.0 = Debug|Any CPU
		{C03BEA9C-8806-4289-91CA-B448E1958C2B}.Release|Any CPU.ActiveCfg = Release|Any CPU
		{C03BEA9C-8806-4289-91CA-B448E1958C2B}.Release|Any CPU.Build.0 = Release|Any CPU
		{8E1CFBB1-48FF-4221-9236-5EBDC014E114}.Debug|Any CPU.ActiveCfg = Debug|Any CPU
		{8E1CFBB1-48FF-4221-9236-5EBDC014E114}.Debug|Any CPU.Build.0 = Debug|Any CPU
		{8E1CFBB1-48FF-4221-9236-5EBDC014E114}.Release|Any CPU.ActiveCfg = Release|Any CPU
		{8E1CFBB1-48FF-4221-9236-5EBDC014E114}.Release|Any CPU.Build.0 = Release|Any CPU
		{0DD2F7BE-D095-4FAB-8E53-B9C2A20A4E57}.Debug|Any CPU.ActiveCfg = Debug|Any CPU
		{0DD2F7BE-D095-4FAB-8E53-B9C2A20A4E57}.Debug|Any CPU.Build.0 = Debug|Any CPU
		{0DD2F7BE-D095-4FAB-8E53-B9C2A20A4E57}.Release|Any CPU.ActiveCfg = Release|Any CPU
		{0DD2F7BE-D095-4FAB-8E53-B9C2A20A4E57}.Release|Any CPU.Build.0 = Release|Any CPU
		{836AC2FE-F865-4228-8B15-9A5DDEC69498}.Debug|Any CPU.ActiveCfg = Debug|Any CPU
		{836AC2FE-F865-4228-8B15-9A5DDEC69498}.Debug|Any CPU.Build.0 = Debug|Any CPU
		{836AC2FE-F865-4228-8B15-9A5DDEC69498}.Release|Any CPU.ActiveCfg = Release|Any CPU
		{836AC2FE-F865-4228-8B15-9A5DDEC69498}.Release|Any CPU.Build.0 = Release|Any CPU
		{0F4CA342-52B2-4E94-A81F-5D963B31AC47}.Debug|Any CPU.ActiveCfg = Debug|Any CPU
		{0F4CA342-52B2-4E94-A81F-5D963B31AC47}.Debug|Any CPU.Build.0 = Debug|Any CPU
		{0F4CA342-52B2-4E94-A81F-5D963B31AC47}.Release|Any CPU.ActiveCfg = Release|Any CPU
		{0F4CA342-52B2-4E94-A81F-5D963B31AC47}.Release|Any CPU.Build.0 = Release|Any CPU
		{AFCFF4A5-043D-4567-A390-8401F787E005}.Debug|Any CPU.ActiveCfg = Debug|Any CPU
		{AFCFF4A5-043D-4567-A390-8401F787E005}.Debug|Any CPU.Build.0 = Debug|Any CPU
		{AFCFF4A5-043D-4567-A390-8401F787E005}.Release|Any CPU.ActiveCfg = Release|Any CPU
		{AFCFF4A5-043D-4567-A390-8401F787E005}.Release|Any CPU.Build.0 = Release|Any CPU
		{90ADED2D-84D2-43DE-BCCE-10542659B665}.Debug|Any CPU.ActiveCfg = Debug|Any CPU
		{90ADED2D-84D2-43DE-BCCE-10542659B665}.Debug|Any CPU.Build.0 = Debug|Any CPU
		{90ADED2D-84D2-43DE-BCCE-10542659B665}.Release|Any CPU.ActiveCfg = Release|Any CPU
		{90ADED2D-84D2-43DE-BCCE-10542659B665}.Release|Any CPU.Build.0 = Release|Any CPU
		{85C1D859-AF72-4C39-A9D7-4A53124F2665}.Debug|Any CPU.ActiveCfg = Debug|Any CPU
		{85C1D859-AF72-4C39-A9D7-4A53124F2665}.Debug|Any CPU.Build.0 = Debug|Any CPU
		{85C1D859-AF72-4C39-A9D7-4A53124F2665}.Release|Any CPU.ActiveCfg = Release|Any CPU
		{85C1D859-AF72-4C39-A9D7-4A53124F2665}.Release|Any CPU.Build.0 = Release|Any CPU
		{D32AA8B3-A307-4961-853E-55786E26D597}.Debug|Any CPU.ActiveCfg = Debug|Any CPU
		{D32AA8B3-A307-4961-853E-55786E26D597}.Debug|Any CPU.Build.0 = Debug|Any CPU
		{D32AA8B3-A307-4961-853E-55786E26D597}.Release|Any CPU.ActiveCfg = Release|Any CPU
		{D32AA8B3-A307-4961-853E-55786E26D597}.Release|Any CPU.Build.0 = Release|Any CPU
		{69D19A48-1EAA-42E3-8F14-DB611D5699D3}.Debug|Any CPU.ActiveCfg = Debug|Any CPU
		{69D19A48-1EAA-42E3-8F14-DB611D5699D3}.Debug|Any CPU.Build.0 = Debug|Any CPU
		{69D19A48-1EAA-42E3-8F14-DB611D5699D3}.Release|Any CPU.ActiveCfg = Release|Any CPU
		{69D19A48-1EAA-42E3-8F14-DB611D5699D3}.Release|Any CPU.Build.0 = Release|Any CPU
		{A4866C25-E2E0-498F-9987-FC21B2A0BA2C}.Debug|Any CPU.ActiveCfg = Debug|Any CPU
		{A4866C25-E2E0-498F-9987-FC21B2A0BA2C}.Debug|Any CPU.Build.0 = Debug|Any CPU
		{A4866C25-E2E0-498F-9987-FC21B2A0BA2C}.Release|Any CPU.ActiveCfg = Release|Any CPU
		{A4866C25-E2E0-498F-9987-FC21B2A0BA2C}.Release|Any CPU.Build.0 = Release|Any CPU
		{13BC1860-8163-4823-B3D1-2D0CD1E35A90}.Debug|Any CPU.ActiveCfg = Debug|Any CPU
		{13BC1860-8163-4823-B3D1-2D0CD1E35A90}.Debug|Any CPU.Build.0 = Debug|Any CPU
		{13BC1860-8163-4823-B3D1-2D0CD1E35A90}.Release|Any CPU.ActiveCfg = Release|Any CPU
		{13BC1860-8163-4823-B3D1-2D0CD1E35A90}.Release|Any CPU.Build.0 = Release|Any CPU
		{13034C53-0473-4407-A2F5-E4BA66AF2246}.Debug|Any CPU.ActiveCfg = Debug|Any CPU
		{13034C53-0473-4407-A2F5-E4BA66AF2246}.Debug|Any CPU.Build.0 = Debug|Any CPU
		{13034C53-0473-4407-A2F5-E4BA66AF2246}.Release|Any CPU.ActiveCfg = Release|Any CPU
		{13034C53-0473-4407-A2F5-E4BA66AF2246}.Release|Any CPU.Build.0 = Release|Any CPU
		{BC7CB122-0A79-4196-BA44-D6DC49164CC5}.Debug|Any CPU.ActiveCfg = Debug|Any CPU
		{BC7CB122-0A79-4196-BA44-D6DC49164CC5}.Debug|Any CPU.Build.0 = Debug|Any CPU
		{BC7CB122-0A79-4196-BA44-D6DC49164CC5}.Release|Any CPU.ActiveCfg = Release|Any CPU
		{BC7CB122-0A79-4196-BA44-D6DC49164CC5}.Release|Any CPU.Build.0 = Release|Any CPU
		{446B0B1F-D4FE-42F0-82CB-6C1B2F119E14}.Debug|Any CPU.ActiveCfg = Debug|Any CPU
		{446B0B1F-D4FE-42F0-82CB-6C1B2F119E14}.Debug|Any CPU.Build.0 = Debug|Any CPU
		{446B0B1F-D4FE-42F0-82CB-6C1B2F119E14}.Release|Any CPU.ActiveCfg = Release|Any CPU
		{446B0B1F-D4FE-42F0-82CB-6C1B2F119E14}.Release|Any CPU.Build.0 = Release|Any CPU
		{592B2107-DED5-42E2-A498-85F1354189E5}.Debug|Any CPU.ActiveCfg = Debug|Any CPU
		{592B2107-DED5-42E2-A498-85F1354189E5}.Debug|Any CPU.Build.0 = Debug|Any CPU
		{592B2107-DED5-42E2-A498-85F1354189E5}.Release|Any CPU.ActiveCfg = Release|Any CPU
		{592B2107-DED5-42E2-A498-85F1354189E5}.Release|Any CPU.Build.0 = Release|Any CPU
		{7242B2C0-E529-45CD-B3A8-6F714858D7D3}.Debug|Any CPU.ActiveCfg = Debug|Any CPU
		{7242B2C0-E529-45CD-B3A8-6F714858D7D3}.Debug|Any CPU.Build.0 = Debug|Any CPU
		{7242B2C0-E529-45CD-B3A8-6F714858D7D3}.Release|Any CPU.ActiveCfg = Release|Any CPU
		{7242B2C0-E529-45CD-B3A8-6F714858D7D3}.Release|Any CPU.Build.0 = Release|Any CPU
		{2BA35DD6-3567-4BEF-A129-18BA85221BE6}.Debug|Any CPU.ActiveCfg = Debug|Any CPU
		{2BA35DD6-3567-4BEF-A129-18BA85221BE6}.Debug|Any CPU.Build.0 = Debug|Any CPU
		{2BA35DD6-3567-4BEF-A129-18BA85221BE6}.Release|Any CPU.ActiveCfg = Release|Any CPU
		{2BA35DD6-3567-4BEF-A129-18BA85221BE6}.Release|Any CPU.Build.0 = Release|Any CPU
		{0ABB6893-56A2-4989-BEB9-255C79A0FD70}.Debug|Any CPU.ActiveCfg = Debug|Any CPU
		{0ABB6893-56A2-4989-BEB9-255C79A0FD70}.Debug|Any CPU.Build.0 = Debug|Any CPU
		{0ABB6893-56A2-4989-BEB9-255C79A0FD70}.Release|Any CPU.ActiveCfg = Release|Any CPU
		{0ABB6893-56A2-4989-BEB9-255C79A0FD70}.Release|Any CPU.Build.0 = Release|Any CPU
		{552DE1CF-3D75-4441-AEB9-A4C62B468830}.Debug|Any CPU.ActiveCfg = Debug|Any CPU
		{552DE1CF-3D75-4441-AEB9-A4C62B468830}.Debug|Any CPU.Build.0 = Debug|Any CPU
		{552DE1CF-3D75-4441-AEB9-A4C62B468830}.Release|Any CPU.ActiveCfg = Release|Any CPU
		{552DE1CF-3D75-4441-AEB9-A4C62B468830}.Release|Any CPU.Build.0 = Release|Any CPU
		{3BF08C30-6FD5-4C31-B481-FA790B947B36}.Debug|Any CPU.ActiveCfg = Debug|Any CPU
		{3BF08C30-6FD5-4C31-B481-FA790B947B36}.Debug|Any CPU.Build.0 = Debug|Any CPU
		{3BF08C30-6FD5-4C31-B481-FA790B947B36}.Release|Any CPU.ActiveCfg = Release|Any CPU
		{3BF08C30-6FD5-4C31-B481-FA790B947B36}.Release|Any CPU.Build.0 = Release|Any CPU
		{D2D47E3A-24B9-40DF-A858-002D4FA28DE2}.Debug|Any CPU.ActiveCfg = Debug|Any CPU
		{D2D47E3A-24B9-40DF-A858-002D4FA28DE2}.Debug|Any CPU.Build.0 = Debug|Any CPU
		{D2D47E3A-24B9-40DF-A858-002D4FA28DE2}.Release|Any CPU.ActiveCfg = Release|Any CPU
		{D2D47E3A-24B9-40DF-A858-002D4FA28DE2}.Release|Any CPU.Build.0 = Release|Any CPU
		{C897A525-65F1-74FE-B84A-589587245098}.Debug|Any CPU.ActiveCfg = Debug|Any CPU
		{C897A525-65F1-74FE-B84A-589587245098}.Debug|Any CPU.Build.0 = Debug|Any CPU
		{C897A525-65F1-74FE-B84A-589587245098}.Release|Any CPU.ActiveCfg = Release|Any CPU
		{C897A525-65F1-74FE-B84A-589587245098}.Release|Any CPU.Build.0 = Release|Any CPU
		{C08855F0-271C-0248-F5D2-BB90962C9EC0}.Debug|Any CPU.ActiveCfg = Debug|Any CPU
		{C08855F0-271C-0248-F5D2-BB90962C9EC0}.Debug|Any CPU.Build.0 = Debug|Any CPU
		{C08855F0-271C-0248-F5D2-BB90962C9EC0}.Release|Any CPU.ActiveCfg = Release|Any CPU
		{C08855F0-271C-0248-F5D2-BB90962C9EC0}.Release|Any CPU.Build.0 = Release|Any CPU
		{FF370F49-6A23-412E-812B-6ED93038EAF0}.Debug|Any CPU.ActiveCfg = Debug|Any CPU
		{FF370F49-6A23-412E-812B-6ED93038EAF0}.Debug|Any CPU.Build.0 = Debug|Any CPU
		{FF370F49-6A23-412E-812B-6ED93038EAF0}.Release|Any CPU.ActiveCfg = Release|Any CPU
		{FF370F49-6A23-412E-812B-6ED93038EAF0}.Release|Any CPU.Build.0 = Release|Any CPU
		{98151B10-3F9A-48FE-AE0D-83D54C4CDDA1}.Debug|Any CPU.ActiveCfg = Debug|Any CPU
		{98151B10-3F9A-48FE-AE0D-83D54C4CDDA1}.Debug|Any CPU.Build.0 = Debug|Any CPU
		{98151B10-3F9A-48FE-AE0D-83D54C4CDDA1}.Release|Any CPU.ActiveCfg = Release|Any CPU
		{98151B10-3F9A-48FE-AE0D-83D54C4CDDA1}.Release|Any CPU.Build.0 = Release|Any CPU
		{B0A0A6B0-EA61-470C-8360-FCDC0CF45A80}.Debug|Any CPU.ActiveCfg = Debug|Any CPU
		{B0A0A6B0-EA61-470C-8360-FCDC0CF45A80}.Debug|Any CPU.Build.0 = Debug|Any CPU
		{B0A0A6B0-EA61-470C-8360-FCDC0CF45A80}.Release|Any CPU.ActiveCfg = Release|Any CPU
		{B0A0A6B0-EA61-470C-8360-FCDC0CF45A80}.Release|Any CPU.Build.0 = Release|Any CPU
		{99F2840E-C034-4F8E-B152-94448510690B}.Debug|Any CPU.ActiveCfg = Debug|Any CPU
		{99F2840E-C034-4F8E-B152-94448510690B}.Debug|Any CPU.Build.0 = Debug|Any CPU
		{99F2840E-C034-4F8E-B152-94448510690B}.Release|Any CPU.ActiveCfg = Release|Any CPU
		{99F2840E-C034-4F8E-B152-94448510690B}.Release|Any CPU.Build.0 = Release|Any CPU
		{70A255DA-7DA1-49F1-8DE8-362A2FDAC8B5}.Debug|Any CPU.ActiveCfg = Debug|Any CPU
		{70A255DA-7DA1-49F1-8DE8-362A2FDAC8B5}.Debug|Any CPU.Build.0 = Debug|Any CPU
		{70A255DA-7DA1-49F1-8DE8-362A2FDAC8B5}.Release|Any CPU.ActiveCfg = Release|Any CPU
		{70A255DA-7DA1-49F1-8DE8-362A2FDAC8B5}.Release|Any CPU.Build.0 = Release|Any CPU
		{96CBA2D4-A1B9-4C2B-8018-4AC06AC844C2}.Debug|Any CPU.ActiveCfg = Debug|Any CPU
		{96CBA2D4-A1B9-4C2B-8018-4AC06AC844C2}.Debug|Any CPU.Build.0 = Debug|Any CPU
		{96CBA2D4-A1B9-4C2B-8018-4AC06AC844C2}.Release|Any CPU.ActiveCfg = Release|Any CPU
		{96CBA2D4-A1B9-4C2B-8018-4AC06AC844C2}.Release|Any CPU.Build.0 = Release|Any CPU
		{BC05CED5-3F07-4DE1-BF5E-668B8EEB6254}.Debug|Any CPU.ActiveCfg = Debug|Any CPU
		{BC05CED5-3F07-4DE1-BF5E-668B8EEB6254}.Debug|Any CPU.Build.0 = Debug|Any CPU
		{BC05CED5-3F07-4DE1-BF5E-668B8EEB6254}.Release|Any CPU.ActiveCfg = Release|Any CPU
		{BC05CED5-3F07-4DE1-BF5E-668B8EEB6254}.Release|Any CPU.Build.0 = Release|Any CPU
		{0292E1A8-2C50-40E6-8596-E5150C80673D}.Debug|Any CPU.ActiveCfg = Debug|Any CPU
		{0292E1A8-2C50-40E6-8596-E5150C80673D}.Debug|Any CPU.Build.0 = Debug|Any CPU
		{0292E1A8-2C50-40E6-8596-E5150C80673D}.Release|Any CPU.ActiveCfg = Release|Any CPU
		{0292E1A8-2C50-40E6-8596-E5150C80673D}.Release|Any CPU.Build.0 = Release|Any CPU
		{0B95E4C8-D576-4A43-AA27-F2250789CD16}.Debug|Any CPU.ActiveCfg = Debug|Any CPU
		{0B95E4C8-D576-4A43-AA27-F2250789CD16}.Debug|Any CPU.Build.0 = Debug|Any CPU
		{0B95E4C8-D576-4A43-AA27-F2250789CD16}.Release|Any CPU.ActiveCfg = Release|Any CPU
		{0B95E4C8-D576-4A43-AA27-F2250789CD16}.Release|Any CPU.Build.0 = Release|Any CPU
		{AEA0D012-ACBA-4E4C-834F-C12B0B197F0A}.Debug|Any CPU.ActiveCfg = Debug|Any CPU
		{AEA0D012-ACBA-4E4C-834F-C12B0B197F0A}.Debug|Any CPU.Build.0 = Debug|Any CPU
		{AEA0D012-ACBA-4E4C-834F-C12B0B197F0A}.Release|Any CPU.ActiveCfg = Release|Any CPU
		{AEA0D012-ACBA-4E4C-834F-C12B0B197F0A}.Release|Any CPU.Build.0 = Release|Any CPU
		{186BF7CD-A60C-4228-8CC4-D9826AAE9D91}.Debug|Any CPU.ActiveCfg = Debug|Any CPU
		{186BF7CD-A60C-4228-8CC4-D9826AAE9D91}.Debug|Any CPU.Build.0 = Debug|Any CPU
		{186BF7CD-A60C-4228-8CC4-D9826AAE9D91}.Release|Any CPU.ActiveCfg = Release|Any CPU
		{186BF7CD-A60C-4228-8CC4-D9826AAE9D91}.Release|Any CPU.Build.0 = Release|Any CPU
		{2872ADE3-804D-038C-EA40-9539D281CFE8}.Debug|Any CPU.ActiveCfg = Debug|Any CPU
		{2872ADE3-804D-038C-EA40-9539D281CFE8}.Debug|Any CPU.Build.0 = Debug|Any CPU
		{2872ADE3-804D-038C-EA40-9539D281CFE8}.Release|Any CPU.ActiveCfg = Release|Any CPU
		{2872ADE3-804D-038C-EA40-9539D281CFE8}.Release|Any CPU.Build.0 = Release|Any CPU
		{CCE4A31E-42D0-491F-A37C-9DC421171107}.Debug|Any CPU.ActiveCfg = Debug|Any CPU
		{CCE4A31E-42D0-491F-A37C-9DC421171107}.Debug|Any CPU.Build.0 = Debug|Any CPU
		{CCE4A31E-42D0-491F-A37C-9DC421171107}.Release|Any CPU.ActiveCfg = Release|Any CPU
		{CCE4A31E-42D0-491F-A37C-9DC421171107}.Release|Any CPU.Build.0 = Release|Any CPU
		{44BF93D8-9708-4798-8C00-116C25E75B5F}.Debug|Any CPU.ActiveCfg = Debug|Any CPU
		{44BF93D8-9708-4798-8C00-116C25E75B5F}.Debug|Any CPU.Build.0 = Debug|Any CPU
		{44BF93D8-9708-4798-8C00-116C25E75B5F}.Release|Any CPU.ActiveCfg = Release|Any CPU
		{44BF93D8-9708-4798-8C00-116C25E75B5F}.Release|Any CPU.Build.0 = Release|Any CPU
		{34CF4B80-8E7E-4262-9163-6EC132B769F9}.Debug|Any CPU.ActiveCfg = Debug|Any CPU
		{34CF4B80-8E7E-4262-9163-6EC132B769F9}.Debug|Any CPU.Build.0 = Debug|Any CPU
		{34CF4B80-8E7E-4262-9163-6EC132B769F9}.Release|Any CPU.ActiveCfg = Release|Any CPU
		{34CF4B80-8E7E-4262-9163-6EC132B769F9}.Release|Any CPU.Build.0 = Release|Any CPU
		{61703ECC-14AA-4981-8916-5C711A0ED617}.Debug|Any CPU.ActiveCfg = Debug|Any CPU
		{61703ECC-14AA-4981-8916-5C711A0ED617}.Debug|Any CPU.Build.0 = Debug|Any CPU
		{61703ECC-14AA-4981-8916-5C711A0ED617}.Release|Any CPU.ActiveCfg = Release|Any CPU
		{61703ECC-14AA-4981-8916-5C711A0ED617}.Release|Any CPU.Build.0 = Release|Any CPU
		{00C214A1-ABEE-4368-AF23-8ED8AAC84802}.Debug|Any CPU.ActiveCfg = Debug|Any CPU
		{00C214A1-ABEE-4368-AF23-8ED8AAC84802}.Debug|Any CPU.Build.0 = Debug|Any CPU
		{00C214A1-ABEE-4368-AF23-8ED8AAC84802}.Release|Any CPU.ActiveCfg = Release|Any CPU
		{00C214A1-ABEE-4368-AF23-8ED8AAC84802}.Release|Any CPU.Build.0 = Release|Any CPU
		{ED2B2001-09C3-4CAF-B9D5-5FD62C584963}.Debug|Any CPU.ActiveCfg = Debug|Any CPU
		{ED2B2001-09C3-4CAF-B9D5-5FD62C584963}.Debug|Any CPU.Build.0 = Debug|Any CPU
		{ED2B2001-09C3-4CAF-B9D5-5FD62C584963}.Release|Any CPU.ActiveCfg = Release|Any CPU
		{ED2B2001-09C3-4CAF-B9D5-5FD62C584963}.Release|Any CPU.Build.0 = Release|Any CPU
		{F508F705-1D0C-480B-8F58-C856DB193BE8}.Debug|Any CPU.ActiveCfg = Debug|Any CPU
		{F508F705-1D0C-480B-8F58-C856DB193BE8}.Debug|Any CPU.Build.0 = Debug|Any CPU
		{F508F705-1D0C-480B-8F58-C856DB193BE8}.Release|Any CPU.ActiveCfg = Release|Any CPU
		{F508F705-1D0C-480B-8F58-C856DB193BE8}.Release|Any CPU.Build.0 = Release|Any CPU
		{7ADD54E1-70D2-4278-BC89-7AF287B979FE}.Debug|Any CPU.ActiveCfg = Debug|Any CPU
		{7ADD54E1-70D2-4278-BC89-7AF287B979FE}.Debug|Any CPU.Build.0 = Debug|Any CPU
		{7ADD54E1-70D2-4278-BC89-7AF287B979FE}.Release|Any CPU.ActiveCfg = Release|Any CPU
		{7ADD54E1-70D2-4278-BC89-7AF287B979FE}.Release|Any CPU.Build.0 = Release|Any CPU
		{32C7E2E5-0035-4042-AC0C-1F117BA54F5A}.Debug|Any CPU.ActiveCfg = Debug|Any CPU
		{32C7E2E5-0035-4042-AC0C-1F117BA54F5A}.Debug|Any CPU.Build.0 = Debug|Any CPU
		{32C7E2E5-0035-4042-AC0C-1F117BA54F5A}.Release|Any CPU.ActiveCfg = Release|Any CPU
		{32C7E2E5-0035-4042-AC0C-1F117BA54F5A}.Release|Any CPU.Build.0 = Release|Any CPU
		{C92DF9F7-29CB-4FAC-95F3-1E1E8525D718}.Debug|Any CPU.ActiveCfg = Debug|Any CPU
		{C92DF9F7-29CB-4FAC-95F3-1E1E8525D718}.Debug|Any CPU.Build.0 = Debug|Any CPU
		{C92DF9F7-29CB-4FAC-95F3-1E1E8525D718}.Release|Any CPU.ActiveCfg = Release|Any CPU
		{C92DF9F7-29CB-4FAC-95F3-1E1E8525D718}.Release|Any CPU.Build.0 = Release|Any CPU
		{8A54ED62-293C-4CE8-93DE-56D86F597EFC}.Debug|Any CPU.ActiveCfg = Debug|Any CPU
		{8A54ED62-293C-4CE8-93DE-56D86F597EFC}.Debug|Any CPU.Build.0 = Debug|Any CPU
		{8A54ED62-293C-4CE8-93DE-56D86F597EFC}.Release|Any CPU.ActiveCfg = Release|Any CPU
		{8A54ED62-293C-4CE8-93DE-56D86F597EFC}.Release|Any CPU.Build.0 = Release|Any CPU
		{5F9C8A06-25FA-4DF1-ADA6-7E942915F3CD}.Debug|Any CPU.ActiveCfg = Debug|Any CPU
		{5F9C8A06-25FA-4DF1-ADA6-7E942915F3CD}.Debug|Any CPU.Build.0 = Debug|Any CPU
		{5F9C8A06-25FA-4DF1-ADA6-7E942915F3CD}.Release|Any CPU.ActiveCfg = Release|Any CPU
		{5F9C8A06-25FA-4DF1-ADA6-7E942915F3CD}.Release|Any CPU.Build.0 = Release|Any CPU
		{F512CA98-C1B8-4A65-9AC4-E17D247EDC05}.Debug|Any CPU.ActiveCfg = Debug|Any CPU
		{F512CA98-C1B8-4A65-9AC4-E17D247EDC05}.Debug|Any CPU.Build.0 = Debug|Any CPU
		{F512CA98-C1B8-4A65-9AC4-E17D247EDC05}.Release|Any CPU.ActiveCfg = Release|Any CPU
		{F512CA98-C1B8-4A65-9AC4-E17D247EDC05}.Release|Any CPU.Build.0 = Release|Any CPU
		{9F17F379-29AA-4E0D-B89E-98707BCBD82E}.Debug|Any CPU.ActiveCfg = Debug|Any CPU
		{9F17F379-29AA-4E0D-B89E-98707BCBD82E}.Debug|Any CPU.Build.0 = Debug|Any CPU
		{9F17F379-29AA-4E0D-B89E-98707BCBD82E}.Release|Any CPU.ActiveCfg = Release|Any CPU
		{9F17F379-29AA-4E0D-B89E-98707BCBD82E}.Release|Any CPU.Build.0 = Release|Any CPU
		{9C18B806-3106-4FD0-8C0F-EC1D1FA5075F}.Debug|Any CPU.ActiveCfg = Debug|Any CPU
		{9C18B806-3106-4FD0-8C0F-EC1D1FA5075F}.Debug|Any CPU.Build.0 = Debug|Any CPU
		{9C18B806-3106-4FD0-8C0F-EC1D1FA5075F}.Release|Any CPU.ActiveCfg = Release|Any CPU
		{9C18B806-3106-4FD0-8C0F-EC1D1FA5075F}.Release|Any CPU.Build.0 = Release|Any CPU
		{C91E97AB-1458-4C90-8CA7-44E5253B55A6}.Debug|Any CPU.ActiveCfg = Debug|Any CPU
		{C91E97AB-1458-4C90-8CA7-44E5253B55A6}.Debug|Any CPU.Build.0 = Debug|Any CPU
		{C91E97AB-1458-4C90-8CA7-44E5253B55A6}.Release|Any CPU.ActiveCfg = Release|Any CPU
		{C91E97AB-1458-4C90-8CA7-44E5253B55A6}.Release|Any CPU.Build.0 = Release|Any CPU
		{1799C009-1178-4DAD-B29F-EA8644E85468}.Debug|Any CPU.ActiveCfg = Debug|Any CPU
		{1799C009-1178-4DAD-B29F-EA8644E85468}.Debug|Any CPU.Build.0 = Debug|Any CPU
		{1799C009-1178-4DAD-B29F-EA8644E85468}.Release|Any CPU.ActiveCfg = Release|Any CPU
		{1799C009-1178-4DAD-B29F-EA8644E85468}.Release|Any CPU.Build.0 = Release|Any CPU
		{506AAA61-027C-4DC7-A293-02BFBBDA0938}.Debug|Any CPU.ActiveCfg = Debug|Any CPU
		{506AAA61-027C-4DC7-A293-02BFBBDA0938}.Debug|Any CPU.Build.0 = Debug|Any CPU
		{506AAA61-027C-4DC7-A293-02BFBBDA0938}.Release|Any CPU.ActiveCfg = Release|Any CPU
		{506AAA61-027C-4DC7-A293-02BFBBDA0938}.Release|Any CPU.Build.0 = Release|Any CPU
		{9934A449-B43A-445E-84E3-DFEFE3F49BDF}.Debug|Any CPU.ActiveCfg = Debug|Any CPU
		{9934A449-B43A-445E-84E3-DFEFE3F49BDF}.Debug|Any CPU.Build.0 = Debug|Any CPU
		{9934A449-B43A-445E-84E3-DFEFE3F49BDF}.Release|Any CPU.ActiveCfg = Release|Any CPU
		{9934A449-B43A-445E-84E3-DFEFE3F49BDF}.Release|Any CPU.Build.0 = Release|Any CPU
		{8471E561-E4EB-4CDE-B57B-DA6357D25DD5}.Debug|Any CPU.ActiveCfg = Debug|Any CPU
		{8471E561-E4EB-4CDE-B57B-DA6357D25DD5}.Debug|Any CPU.Build.0 = Debug|Any CPU
		{8471E561-E4EB-4CDE-B57B-DA6357D25DD5}.Release|Any CPU.ActiveCfg = Release|Any CPU
		{8471E561-E4EB-4CDE-B57B-DA6357D25DD5}.Release|Any CPU.Build.0 = Release|Any CPU
		{7B8BEBE3-95D5-4C26-A166-6A157DD327B6}.Debug|Any CPU.ActiveCfg = Debug|Any CPU
		{7B8BEBE3-95D5-4C26-A166-6A157DD327B6}.Debug|Any CPU.Build.0 = Debug|Any CPU
		{7B8BEBE3-95D5-4C26-A166-6A157DD327B6}.Release|Any CPU.ActiveCfg = Release|Any CPU
		{7B8BEBE3-95D5-4C26-A166-6A157DD327B6}.Release|Any CPU.Build.0 = Release|Any CPU
		{C325392D-EF4B-4006-A3C4-1F78B752579A}.Debug|Any CPU.ActiveCfg = Debug|Any CPU
		{C325392D-EF4B-4006-A3C4-1F78B752579A}.Debug|Any CPU.Build.0 = Debug|Any CPU
		{C325392D-EF4B-4006-A3C4-1F78B752579A}.Release|Any CPU.ActiveCfg = Release|Any CPU
		{C325392D-EF4B-4006-A3C4-1F78B752579A}.Release|Any CPU.Build.0 = Release|Any CPU
		{6AB7CA70-02AD-46D9-8C26-E4343FF0E435}.Debug|Any CPU.ActiveCfg = Debug|Any CPU
		{6AB7CA70-02AD-46D9-8C26-E4343FF0E435}.Debug|Any CPU.Build.0 = Debug|Any CPU
		{6AB7CA70-02AD-46D9-8C26-E4343FF0E435}.Release|Any CPU.ActiveCfg = Release|Any CPU
		{6AB7CA70-02AD-46D9-8C26-E4343FF0E435}.Release|Any CPU.Build.0 = Release|Any CPU
		{FC1A2595-581B-47E0-AC70-911CDEA7BE27}.Debug|Any CPU.ActiveCfg = Debug|Any CPU
		{FC1A2595-581B-47E0-AC70-911CDEA7BE27}.Debug|Any CPU.Build.0 = Debug|Any CPU
		{FC1A2595-581B-47E0-AC70-911CDEA7BE27}.Release|Any CPU.ActiveCfg = Release|Any CPU
		{FC1A2595-581B-47E0-AC70-911CDEA7BE27}.Release|Any CPU.Build.0 = Release|Any CPU
		{CC3A49B3-2270-4569-AF2D-89A28E28C949}.Debug|Any CPU.ActiveCfg = Debug|Any CPU
		{CC3A49B3-2270-4569-AF2D-89A28E28C949}.Debug|Any CPU.Build.0 = Debug|Any CPU
		{CC3A49B3-2270-4569-AF2D-89A28E28C949}.Release|Any CPU.ActiveCfg = Release|Any CPU
		{CC3A49B3-2270-4569-AF2D-89A28E28C949}.Release|Any CPU.Build.0 = Release|Any CPU
		{B0191946-5F74-460E-9D6B-9D9488479160}.Debug|Any CPU.ActiveCfg = Debug|Any CPU
		{B0191946-5F74-460E-9D6B-9D9488479160}.Debug|Any CPU.Build.0 = Debug|Any CPU
		{B0191946-5F74-460E-9D6B-9D9488479160}.Release|Any CPU.ActiveCfg = Release|Any CPU
		{B0191946-5F74-460E-9D6B-9D9488479160}.Release|Any CPU.Build.0 = Release|Any CPU
		{C6FBFB6B-030D-4B7D-B765-7313F46682B6}.Debug|Any CPU.ActiveCfg = Debug|Any CPU
		{C6FBFB6B-030D-4B7D-B765-7313F46682B6}.Debug|Any CPU.Build.0 = Debug|Any CPU
		{C6FBFB6B-030D-4B7D-B765-7313F46682B6}.Release|Any CPU.ActiveCfg = Release|Any CPU
		{C6FBFB6B-030D-4B7D-B765-7313F46682B6}.Release|Any CPU.Build.0 = Release|Any CPU
		{B32571B0-8913-4799-9B80-C0EEB452F28F}.Debug|Any CPU.ActiveCfg = Debug|Any CPU
		{B32571B0-8913-4799-9B80-C0EEB452F28F}.Debug|Any CPU.Build.0 = Debug|Any CPU
		{B32571B0-8913-4799-9B80-C0EEB452F28F}.Release|Any CPU.ActiveCfg = Release|Any CPU
		{B32571B0-8913-4799-9B80-C0EEB452F28F}.Release|Any CPU.Build.0 = Release|Any CPU
		{F0DD460D-888F-4FA4-B527-B9483C371D72}.Debug|Any CPU.ActiveCfg = Debug|Any CPU
		{F0DD460D-888F-4FA4-B527-B9483C371D72}.Debug|Any CPU.Build.0 = Debug|Any CPU
		{F0DD460D-888F-4FA4-B527-B9483C371D72}.Release|Any CPU.ActiveCfg = Release|Any CPU
		{F0DD460D-888F-4FA4-B527-B9483C371D72}.Release|Any CPU.Build.0 = Release|Any CPU
		{F286B716-FDD3-4859-B430-59ED8B692F27}.Debug|Any CPU.ActiveCfg = Debug|Any CPU
		{F286B716-FDD3-4859-B430-59ED8B692F27}.Debug|Any CPU.Build.0 = Debug|Any CPU
		{F286B716-FDD3-4859-B430-59ED8B692F27}.Release|Any CPU.ActiveCfg = Release|Any CPU
		{F286B716-FDD3-4859-B430-59ED8B692F27}.Release|Any CPU.Build.0 = Release|Any CPU
		{C5699E84-B98F-4061-8996-EB5301EE12BB}.Debug|Any CPU.ActiveCfg = Debug|Any CPU
		{C5699E84-B98F-4061-8996-EB5301EE12BB}.Debug|Any CPU.Build.0 = Debug|Any CPU
		{C5699E84-B98F-4061-8996-EB5301EE12BB}.Release|Any CPU.ActiveCfg = Release|Any CPU
		{C5699E84-B98F-4061-8996-EB5301EE12BB}.Release|Any CPU.Build.0 = Release|Any CPU
		{EA109FFA-EC2F-4B20-860C-609232B567EA}.Debug|Any CPU.ActiveCfg = Debug|Any CPU
		{EA109FFA-EC2F-4B20-860C-609232B567EA}.Debug|Any CPU.Build.0 = Debug|Any CPU
		{EA109FFA-EC2F-4B20-860C-609232B567EA}.Release|Any CPU.ActiveCfg = Release|Any CPU
		{EA109FFA-EC2F-4B20-860C-609232B567EA}.Release|Any CPU.Build.0 = Release|Any CPU
		{5DDB7FB3-E911-4E01-8D2E-829EE4387E3F}.Debug|Any CPU.ActiveCfg = Debug|Any CPU
		{5DDB7FB3-E911-4E01-8D2E-829EE4387E3F}.Debug|Any CPU.Build.0 = Debug|Any CPU
		{5DDB7FB3-E911-4E01-8D2E-829EE4387E3F}.Release|Any CPU.ActiveCfg = Release|Any CPU
		{5DDB7FB3-E911-4E01-8D2E-829EE4387E3F}.Release|Any CPU.Build.0 = Release|Any CPU
		{9FF679A1-9CB0-49E9-AEEE-8E9FF93A53B7}.Debug|Any CPU.ActiveCfg = Debug|Any CPU
		{9FF679A1-9CB0-49E9-AEEE-8E9FF93A53B7}.Debug|Any CPU.Build.0 = Debug|Any CPU
		{9FF679A1-9CB0-49E9-AEEE-8E9FF93A53B7}.Release|Any CPU.ActiveCfg = Release|Any CPU
		{9FF679A1-9CB0-49E9-AEEE-8E9FF93A53B7}.Release|Any CPU.Build.0 = Release|Any CPU
		{EC6E75CE-4D0A-4177-8D04-034D6C5786EC}.Debug|Any CPU.ActiveCfg = Debug|Any CPU
		{EC6E75CE-4D0A-4177-8D04-034D6C5786EC}.Debug|Any CPU.Build.0 = Debug|Any CPU
		{EC6E75CE-4D0A-4177-8D04-034D6C5786EC}.Release|Any CPU.ActiveCfg = Release|Any CPU
		{EC6E75CE-4D0A-4177-8D04-034D6C5786EC}.Release|Any CPU.Build.0 = Release|Any CPU
		{BA4BCCFF-4408-4EF9-B00E-C84AD81628F8}.Debug|Any CPU.ActiveCfg = Debug|Any CPU
		{BA4BCCFF-4408-4EF9-B00E-C84AD81628F8}.Debug|Any CPU.Build.0 = Debug|Any CPU
		{BA4BCCFF-4408-4EF9-B00E-C84AD81628F8}.Release|Any CPU.ActiveCfg = Release|Any CPU
		{BA4BCCFF-4408-4EF9-B00E-C84AD81628F8}.Release|Any CPU.Build.0 = Release|Any CPU
		{2F917568-B429-F241-8358-9CC3F8EC2E30}.Debug|Any CPU.ActiveCfg = Debug|Any CPU
		{2F917568-B429-F241-8358-9CC3F8EC2E30}.Debug|Any CPU.Build.0 = Debug|Any CPU
		{2F917568-B429-F241-8358-9CC3F8EC2E30}.Release|Any CPU.ActiveCfg = Release|Any CPU
		{2F917568-B429-F241-8358-9CC3F8EC2E30}.Release|Any CPU.Build.0 = Release|Any CPU
		{679AF1C8-AFF7-46A1-87A8-9F5EC6660BE4}.Debug|Any CPU.ActiveCfg = Debug|Any CPU
		{679AF1C8-AFF7-46A1-87A8-9F5EC6660BE4}.Debug|Any CPU.Build.0 = Debug|Any CPU
		{679AF1C8-AFF7-46A1-87A8-9F5EC6660BE4}.Release|Any CPU.ActiveCfg = Release|Any CPU
		{679AF1C8-AFF7-46A1-87A8-9F5EC6660BE4}.Release|Any CPU.Build.0 = Release|Any CPU
		{61216790-B569-42BB-9202-F5A30DA474B7}.Debug|Any CPU.ActiveCfg = Debug|Any CPU
		{61216790-B569-42BB-9202-F5A30DA474B7}.Debug|Any CPU.Build.0 = Debug|Any CPU
		{61216790-B569-42BB-9202-F5A30DA474B7}.Release|Any CPU.ActiveCfg = Release|Any CPU
		{61216790-B569-42BB-9202-F5A30DA474B7}.Release|Any CPU.Build.0 = Release|Any CPU
		{5C5C5E25-91A3-4064-A9EE-5614707AB8FA}.Debug|Any CPU.ActiveCfg = Debug|Any CPU
		{5C5C5E25-91A3-4064-A9EE-5614707AB8FA}.Debug|Any CPU.Build.0 = Debug|Any CPU
		{5C5C5E25-91A3-4064-A9EE-5614707AB8FA}.Release|Any CPU.ActiveCfg = Release|Any CPU
		{5C5C5E25-91A3-4064-A9EE-5614707AB8FA}.Release|Any CPU.Build.0 = Release|Any CPU
		{D5997E19-BDBD-449D-8783-03D3806F3A0E}.Debug|Any CPU.ActiveCfg = Debug|Any CPU
		{D5997E19-BDBD-449D-8783-03D3806F3A0E}.Debug|Any CPU.Build.0 = Debug|Any CPU
		{D5997E19-BDBD-449D-8783-03D3806F3A0E}.Release|Any CPU.ActiveCfg = Release|Any CPU
		{D5997E19-BDBD-449D-8783-03D3806F3A0E}.Release|Any CPU.Build.0 = Release|Any CPU
		{3288344C-4BDC-4792-BFCB-6C9FBE2FD503}.Debug|Any CPU.ActiveCfg = Debug|Any CPU
		{3288344C-4BDC-4792-BFCB-6C9FBE2FD503}.Debug|Any CPU.Build.0 = Debug|Any CPU
		{3288344C-4BDC-4792-BFCB-6C9FBE2FD503}.Release|Any CPU.ActiveCfg = Release|Any CPU
		{3288344C-4BDC-4792-BFCB-6C9FBE2FD503}.Release|Any CPU.Build.0 = Release|Any CPU
		{E3CB3EC8-CA88-4CCE-AD26-41A17BF0AC5D}.Debug|Any CPU.ActiveCfg = Debug|Any CPU
		{E3CB3EC8-CA88-4CCE-AD26-41A17BF0AC5D}.Debug|Any CPU.Build.0 = Debug|Any CPU
		{E3CB3EC8-CA88-4CCE-AD26-41A17BF0AC5D}.Release|Any CPU.ActiveCfg = Release|Any CPU
		{E3CB3EC8-CA88-4CCE-AD26-41A17BF0AC5D}.Release|Any CPU.Build.0 = Release|Any CPU
		{24A604A4-6A5F-44C8-B884-116D6F9705E2}.Debug|Any CPU.ActiveCfg = Debug|Any CPU
		{24A604A4-6A5F-44C8-B884-116D6F9705E2}.Debug|Any CPU.Build.0 = Debug|Any CPU
		{24A604A4-6A5F-44C8-B884-116D6F9705E2}.Release|Any CPU.ActiveCfg = Release|Any CPU
		{24A604A4-6A5F-44C8-B884-116D6F9705E2}.Release|Any CPU.Build.0 = Release|Any CPU
	EndGlobalSection
	GlobalSection(SolutionProperties) = preSolution
		HideSolutionNode = FALSE
	EndGlobalSection
	GlobalSection(NestedProjects) = preSolution
		{CED3A5A0-22C9-46DC-AB77-897E842B6B9B} = {DEA96CBE-E8C0-4075-BB9F-7844A19D6C15}
		{C03BEA9C-8806-4289-91CA-B448E1958C2B} = {DEA96CBE-E8C0-4075-BB9F-7844A19D6C15}
		{8E1CFBB1-48FF-4221-9236-5EBDC014E114} = {DEA96CBE-E8C0-4075-BB9F-7844A19D6C15}
		{0DD2F7BE-D095-4FAB-8E53-B9C2A20A4E57} = {DEA96CBE-E8C0-4075-BB9F-7844A19D6C15}
		{836AC2FE-F865-4228-8B15-9A5DDEC69498} = {DEA96CBE-E8C0-4075-BB9F-7844A19D6C15}
		{0F4CA342-52B2-4E94-A81F-5D963B31AC47} = {DEA96CBE-E8C0-4075-BB9F-7844A19D6C15}
		{AFCFF4A5-043D-4567-A390-8401F787E005} = {DEA96CBE-E8C0-4075-BB9F-7844A19D6C15}
		{90ADED2D-84D2-43DE-BCCE-10542659B665} = {DEA96CBE-E8C0-4075-BB9F-7844A19D6C15}
		{85C1D859-AF72-4C39-A9D7-4A53124F2665} = {DEA96CBE-E8C0-4075-BB9F-7844A19D6C15}
		{D32AA8B3-A307-4961-853E-55786E26D597} = {DEA96CBE-E8C0-4075-BB9F-7844A19D6C15}
		{69D19A48-1EAA-42E3-8F14-DB611D5699D3} = {DEA96CBE-E8C0-4075-BB9F-7844A19D6C15}
		{A4866C25-E2E0-498F-9987-FC21B2A0BA2C} = {DEA96CBE-E8C0-4075-BB9F-7844A19D6C15}
		{13BC1860-8163-4823-B3D1-2D0CD1E35A90} = {DEA96CBE-E8C0-4075-BB9F-7844A19D6C15}
		{13034C53-0473-4407-A2F5-E4BA66AF2246} = {DEA96CBE-E8C0-4075-BB9F-7844A19D6C15}
		{BC7CB122-0A79-4196-BA44-D6DC49164CC5} = {DEA96CBE-E8C0-4075-BB9F-7844A19D6C15}
		{446B0B1F-D4FE-42F0-82CB-6C1B2F119E14} = {DEA96CBE-E8C0-4075-BB9F-7844A19D6C15}
		{592B2107-DED5-42E2-A498-85F1354189E5} = {DEA96CBE-E8C0-4075-BB9F-7844A19D6C15}
		{7242B2C0-E529-45CD-B3A8-6F714858D7D3} = {DEA96CBE-E8C0-4075-BB9F-7844A19D6C15}
		{2BA35DD6-3567-4BEF-A129-18BA85221BE6} = {DEA96CBE-E8C0-4075-BB9F-7844A19D6C15}
		{0ABB6893-56A2-4989-BEB9-255C79A0FD70} = {DEA96CBE-E8C0-4075-BB9F-7844A19D6C15}
		{552DE1CF-3D75-4441-AEB9-A4C62B468830} = {DEA96CBE-E8C0-4075-BB9F-7844A19D6C15}
		{3BF08C30-6FD5-4C31-B481-FA790B947B36} = {DEA96CBE-E8C0-4075-BB9F-7844A19D6C15}
		{D2D47E3A-24B9-40DF-A858-002D4FA28DE2} = {DEA96CBE-E8C0-4075-BB9F-7844A19D6C15}
		{C897A525-65F1-74FE-B84A-589587245098} = {DEA96CBE-E8C0-4075-BB9F-7844A19D6C15}
		{C08855F0-271C-0248-F5D2-BB90962C9EC0} = {DEA96CBE-E8C0-4075-BB9F-7844A19D6C15}
		{FF370F49-6A23-412E-812B-6ED93038EAF0} = {DEA96CBE-E8C0-4075-BB9F-7844A19D6C15}
		{98151B10-3F9A-48FE-AE0D-83D54C4CDDA1} = {DEA96CBE-E8C0-4075-BB9F-7844A19D6C15}
		{B0A0A6B0-EA61-470C-8360-FCDC0CF45A80} = {1FD315F0-3371-4386-A67F-04BFA2413B8B}
		{99F2840E-C034-4F8E-B152-94448510690B} = {1FD315F0-3371-4386-A67F-04BFA2413B8B}
		{70A255DA-7DA1-49F1-8DE8-362A2FDAC8B5} = {1FD315F0-3371-4386-A67F-04BFA2413B8B}
		{96CBA2D4-A1B9-4C2B-8018-4AC06AC844C2} = {1FD315F0-3371-4386-A67F-04BFA2413B8B}
		{BC05CED5-3F07-4DE1-BF5E-668B8EEB6254} = {1FD315F0-3371-4386-A67F-04BFA2413B8B}
		{0292E1A8-2C50-40E6-8596-E5150C80673D} = {1FD315F0-3371-4386-A67F-04BFA2413B8B}
		{0B95E4C8-D576-4A43-AA27-F2250789CD16} = {1FD315F0-3371-4386-A67F-04BFA2413B8B}
		{AEA0D012-ACBA-4E4C-834F-C12B0B197F0A} = {1FD315F0-3371-4386-A67F-04BFA2413B8B}
		{186BF7CD-A60C-4228-8CC4-D9826AAE9D91} = {1FD315F0-3371-4386-A67F-04BFA2413B8B}
		{2872ADE3-804D-038C-EA40-9539D281CFE8} = {1FD315F0-3371-4386-A67F-04BFA2413B8B}
		{CCE4A31E-42D0-491F-A37C-9DC421171107} = {1FD315F0-3371-4386-A67F-04BFA2413B8B}
		{44BF93D8-9708-4798-8C00-116C25E75B5F} = {1FD315F0-3371-4386-A67F-04BFA2413B8B}
		{34CF4B80-8E7E-4262-9163-6EC132B769F9} = {1FD315F0-3371-4386-A67F-04BFA2413B8B}
		{61703ECC-14AA-4981-8916-5C711A0ED617} = {1FD315F0-3371-4386-A67F-04BFA2413B8B}
		{00C214A1-ABEE-4368-AF23-8ED8AAC84802} = {02EA681E-C7D8-13C7-8484-4AC65E1B71E8}
		{ED2B2001-09C3-4CAF-B9D5-5FD62C584963} = {02EA681E-C7D8-13C7-8484-4AC65E1B71E8}
		{F508F705-1D0C-480B-8F58-C856DB193BE8} = {02EA681E-C7D8-13C7-8484-4AC65E1B71E8}
		{7ADD54E1-70D2-4278-BC89-7AF287B979FE} = {02EA681E-C7D8-13C7-8484-4AC65E1B71E8}
		{32C7E2E5-0035-4042-AC0C-1F117BA54F5A} = {02EA681E-C7D8-13C7-8484-4AC65E1B71E8}
		{C92DF9F7-29CB-4FAC-95F3-1E1E8525D718} = {02EA681E-C7D8-13C7-8484-4AC65E1B71E8}
		{8A54ED62-293C-4CE8-93DE-56D86F597EFC} = {02EA681E-C7D8-13C7-8484-4AC65E1B71E8}
		{5F9C8A06-25FA-4DF1-ADA6-7E942915F3CD} = {02EA681E-C7D8-13C7-8484-4AC65E1B71E8}
		{F512CA98-C1B8-4A65-9AC4-E17D247EDC05} = {02EA681E-C7D8-13C7-8484-4AC65E1B71E8}
		{9F17F379-29AA-4E0D-B89E-98707BCBD82E} = {02EA681E-C7D8-13C7-8484-4AC65E1B71E8}
		{9C18B806-3106-4FD0-8C0F-EC1D1FA5075F} = {02EA681E-C7D8-13C7-8484-4AC65E1B71E8}
		{C91E97AB-1458-4C90-8CA7-44E5253B55A6} = {02EA681E-C7D8-13C7-8484-4AC65E1B71E8}
		{1799C009-1178-4DAD-B29F-EA8644E85468} = {02EA681E-C7D8-13C7-8484-4AC65E1B71E8}
		{506AAA61-027C-4DC7-A293-02BFBBDA0938} = {02EA681E-C7D8-13C7-8484-4AC65E1B71E8}
		{9934A449-B43A-445E-84E3-DFEFE3F49BDF} = {02EA681E-C7D8-13C7-8484-4AC65E1B71E8}
		{8471E561-E4EB-4CDE-B57B-DA6357D25DD5} = {02EA681E-C7D8-13C7-8484-4AC65E1B71E8}
		{7B8BEBE3-95D5-4C26-A166-6A157DD327B6} = {02EA681E-C7D8-13C7-8484-4AC65E1B71E8}
		{C325392D-EF4B-4006-A3C4-1F78B752579A} = {02EA681E-C7D8-13C7-8484-4AC65E1B71E8}
		{6AB7CA70-02AD-46D9-8C26-E4343FF0E435} = {02EA681E-C7D8-13C7-8484-4AC65E1B71E8}
		{FC1A2595-581B-47E0-AC70-911CDEA7BE27} = {02EA681E-C7D8-13C7-8484-4AC65E1B71E8}
		{CC3A49B3-2270-4569-AF2D-89A28E28C949} = {02EA681E-C7D8-13C7-8484-4AC65E1B71E8}
		{B0191946-5F74-460E-9D6B-9D9488479160} = {02EA681E-C7D8-13C7-8484-4AC65E1B71E8}
		{C6FBFB6B-030D-4B7D-B765-7313F46682B6} = {02EA681E-C7D8-13C7-8484-4AC65E1B71E8}
		{B32571B0-8913-4799-9B80-C0EEB452F28F} = {02EA681E-C7D8-13C7-8484-4AC65E1B71E8}
		{F0DD460D-888F-4FA4-B527-B9483C371D72} = {C477601A-20F6-4AC0-B95F-60FE1C19C59F}
		{F286B716-FDD3-4859-B430-59ED8B692F27} = {F864F954-5CCD-46FD-A926-7AF168CF46C9}
		{C5699E84-B98F-4061-8996-EB5301EE12BB} = {C477601A-20F6-4AC0-B95F-60FE1C19C59F}
		{EA109FFA-EC2F-4B20-860C-609232B567EA} = {C477601A-20F6-4AC0-B95F-60FE1C19C59F}
		{5DDB7FB3-E911-4E01-8D2E-829EE4387E3F} = {C477601A-20F6-4AC0-B95F-60FE1C19C59F}
		{9FF679A1-9CB0-49E9-AEEE-8E9FF93A53B7} = {C477601A-20F6-4AC0-B95F-60FE1C19C59F}
		{EC6E75CE-4D0A-4177-8D04-034D6C5786EC} = {C477601A-20F6-4AC0-B95F-60FE1C19C59F}
		{BA4BCCFF-4408-4EF9-B00E-C84AD81628F8} = {C477601A-20F6-4AC0-B95F-60FE1C19C59F}
		{2F917568-B429-F241-8358-9CC3F8EC2E30} = {C477601A-20F6-4AC0-B95F-60FE1C19C59F}
		{679AF1C8-AFF7-46A1-87A8-9F5EC6660BE4} = {C477601A-20F6-4AC0-B95F-60FE1C19C59F}
		{61216790-B569-42BB-9202-F5A30DA474B7} = {C477601A-20F6-4AC0-B95F-60FE1C19C59F}
		{5C5C5E25-91A3-4064-A9EE-5614707AB8FA} = {C477601A-20F6-4AC0-B95F-60FE1C19C59F}
	EndGlobalSection
	GlobalSection(ExtensibilityGlobals) = postSolution
		SolutionGuid = {D6DA9833-04CD-451B-94A7-E6A2AFB1C2B8}
	EndGlobalSection
EndGlobal
