
Microsoft Visual Studio Solution File, Format Version 12.00
# Visual Studio Version 17
VisualStudioVersion = 17.14.36401.2 d17.14
MinimumVisualStudioVersion = 10.0.40219.1
Project("{FAE04EC0-301F-11D3-BF4B-00C04F79EFBC}") = "Test", "Test\Test.csproj", "{A03260E1-60EF-4AF8-A40F-879B481BF0BA}"
EndProject
Global
	GlobalSection(SolutionConfigurationPlatforms) = preSolution
		Debug|Any CPU = Debug|Any CPU
		Release|Any CPU = Release|Any CPU
	EndGlobalSection
	GlobalSection(ProjectConfigurationPlatforms) = postSolution
		{A03260E1-60EF-4AF8-A40F-879B481BF0BA}.Debug|Any CPU.ActiveCfg = Debug|Any CPU
		{A03260E1-60EF-4AF8-A40F-879B481BF0BA}.Debug|Any CPU.Build.0 = Debug|Any CPU
		{A03260E1-60EF-4AF8-A40F-879B481BF0BA}.Release|Any CPU.ActiveCfg = Release|Any CPU
		{A03260E1-60EF-4AF8-A40F-879B481BF0BA}.Release|Any CPU.Build.0 = Release|Any CPU
	EndGlobalSection
	GlobalSection(SolutionProperties) = preSolution
		HideSolutionNode = FALSE
	EndGlobalSection
	GlobalSection(ExtensibilityGlobals) = postSolution
		SolutionGuid = {D6DA9833-04CD-451B-94A7-E6A2AFB1C2B8}
	EndGlobalSection
EndGlobal
